// !$*UTF8*$!
{
	archiveVersion = 1;
	classes = {
	};
	objectVersion = 56;
	objects = {

/* Begin PBXBuildFile section */
		6D4145632A6A1C38008F7625 /* PlayerModel.swift in Sources */ = {isa = PBXBuildFile; fileRef = 6D4145622A6A1C38008F7625 /* PlayerModel.swift */; };
		6D4145652A6A1CA3008F7625 /* CodableBundleExtension.swift in Sources */ = {isa = PBXBuildFile; fileRef = 6D4145642A6A1CA3008F7625 /* CodableBundleExtension.swift */; };
		6D4145672A6A1FD5008F7625 /* FeaturedItemView.swift in Sources */ = {isa = PBXBuildFile; fileRef = 6D4145662A6A1FD5008F7625 /* FeaturedItemView.swift */; };
		6D4145692A6A20D2008F7625 /* FeaturedTabView.swift in Sources */ = {isa = PBXBuildFile; fileRef = 6D4145682A6A20D2008F7625 /* FeaturedTabView.swift */; };
		6D41456B2A6A25C4008F7625 /* CategoryModel.swift in Sources */ = {isa = PBXBuildFile; fileRef = 6D41456A2A6A25C4008F7625 /* CategoryModel.swift */; };
		6D41456D2A6A278D008F7625 /* CategoryItemView.swift in Sources */ = {isa = PBXBuildFile; fileRef = 6D41456C2A6A278D008F7625 /* CategoryItemView.swift */; };
		6D41456F2A6A2A37008F7625 /* CategoryGridView.swift in Sources */ = {isa = PBXBuildFile; fileRef = 6D41456E2A6A2A37008F7625 /* CategoryGridView.swift */; };
		6D4145712A6A2C2C008F7625 /* SectionView.swift in Sources */ = {isa = PBXBuildFile; fileRef = 6D4145702A6A2C2C008F7625 /* SectionView.swift */; };
		6D7ECDFB2A68924100298F87 /* TouchdownApp.swift in Sources */ = {isa = PBXBuildFile; fileRef = 6D7ECDFA2A68924100298F87 /* TouchdownApp.swift */; };
		6D7ECDFD2A68924100298F87 /* ContentView.swift in Sources */ = {isa = PBXBuildFile; fileRef = 6D7ECDFC2A68924100298F87 /* ContentView.swift */; };
		6D7ECDFF2A68924300298F87 /* Assets.xcassets in Resources */ = {isa = PBXBuildFile; fileRef = 6D7ECDFE2A68924300298F87 /* Assets.xcassets */; };
		6D7ECE022A68924300298F87 /* Preview Assets.xcassets in Resources */ = {isa = PBXBuildFile; fileRef = 6D7ECE012A68924300298F87 /* Preview Assets.xcassets */; };
		6D7ECE0C2A68930B00298F87 /* player.json in Resources */ = {isa = PBXBuildFile; fileRef = 6D7ECE082A68930B00298F87 /* player.json */; };
		6D7ECE0D2A68930B00298F87 /* product.json in Resources */ = {isa = PBXBuildFile; fileRef = 6D7ECE092A68930B00298F87 /* product.json */; };
		6D7ECE0E2A68930B00298F87 /* brand.json in Resources */ = {isa = PBXBuildFile; fileRef = 6D7ECE0A2A68930B00298F87 /* brand.json */; };
		6D7ECE0F2A68930B00298F87 /* category.json in Resources */ = {isa = PBXBuildFile; fileRef = 6D7ECE0B2A68930B00298F87 /* category.json */; };
		6D7ECE1A2A68971B00298F87 /* Constant.swift in Sources */ = {isa = PBXBuildFile; fileRef = 6D7ECE192A68971B00298F87 /* Constant.swift */; };
		6D7ECE1C2A6897D100298F87 /* FooterView.swift in Sources */ = {isa = PBXBuildFile; fileRef = 6D7ECE1B2A6897D100298F87 /* FooterView.swift */; };
		6D7ECE1E2A689CD800298F87 /* NavigationBarView.swift in Sources */ = {isa = PBXBuildFile; fileRef = 6D7ECE1D2A689CD800298F87 /* NavigationBarView.swift */; };
		6D7ECE202A689F3E00298F87 /* LogoView.swift in Sources */ = {isa = PBXBuildFile; fileRef = 6D7ECE1F2A689F3E00298F87 /* LogoView.swift */; };
/* End PBXBuildFile section */

/* Begin PBXFileReference section */
		6D4145622A6A1C38008F7625 /* PlayerModel.swift */ = {isa = PBXFileReference; lastKnownFileType = sourcecode.swift; path = PlayerModel.swift; sourceTree = "<group>"; };
		6D4145642A6A1CA3008F7625 /* CodableBundleExtension.swift */ = {isa = PBXFileReference; lastKnownFileType = sourcecode.swift; path = CodableBundleExtension.swift; sourceTree = "<group>"; };
		6D4145662A6A1FD5008F7625 /* FeaturedItemView.swift */ = {isa = PBXFileReference; lastKnownFileType = sourcecode.swift; path = FeaturedItemView.swift; sourceTree = "<group>"; };
		6D4145682A6A20D2008F7625 /* FeaturedTabView.swift */ = {isa = PBXFileReference; lastKnownFileType = sourcecode.swift; path = FeaturedTabView.swift; sourceTree = "<group>"; };
		6D41456A2A6A25C4008F7625 /* CategoryModel.swift */ = {isa = PBXFileReference; lastKnownFileType = sourcecode.swift; path = CategoryModel.swift; sourceTree = "<group>"; };
		6D41456C2A6A278D008F7625 /* CategoryItemView.swift */ = {isa = PBXFileReference; lastKnownFileType = sourcecode.swift; path = CategoryItemView.swift; sourceTree = "<group>"; };
		6D41456E2A6A2A37008F7625 /* CategoryGridView.swift */ = {isa = PBXFileReference; lastKnownFileType = sourcecode.swift; path = CategoryGridView.swift; sourceTree = "<group>"; };
		6D4145702A6A2C2C008F7625 /* SectionView.swift */ = {isa = PBXFileReference; lastKnownFileType = sourcecode.swift; path = SectionView.swift; sourceTree = "<group>"; };
		6D7ECDF72A68924100298F87 /* Touchdown.app */ = {isa = PBXFileReference; explicitFileType = wrapper.application; includeInIndex = 0; path = Touchdown.app; sourceTree = BUILT_PRODUCTS_DIR; };
		6D7ECDFA2A68924100298F87 /* TouchdownApp.swift */ = {isa = PBXFileReference; lastKnownFileType = sourcecode.swift; path = TouchdownApp.swift; sourceTree = "<group>"; };
		6D7ECDFC2A68924100298F87 /* ContentView.swift */ = {isa = PBXFileReference; lastKnownFileType = sourcecode.swift; path = ContentView.swift; sourceTree = "<group>"; };
		6D7ECDFE2A68924300298F87 /* Assets.xcassets */ = {isa = PBXFileReference; lastKnownFileType = folder.assetcatalog; path = Assets.xcassets; sourceTree = "<group>"; };
		6D7ECE012A68924300298F87 /* Preview Assets.xcassets */ = {isa = PBXFileReference; lastKnownFileType = folder.assetcatalog; path = "Preview Assets.xcassets"; sourceTree = "<group>"; };
		6D7ECE082A68930B00298F87 /* player.json */ = {isa = PBXFileReference; fileEncoding = 4; lastKnownFileType = text.json; path = player.json; sourceTree = "<group>"; };
		6D7ECE092A68930B00298F87 /* product.json */ = {isa = PBXFileReference; fileEncoding = 4; lastKnownFileType = text.json; path = product.json; sourceTree = "<group>"; };
		6D7ECE0A2A68930B00298F87 /* brand.json */ = {isa = PBXFileReference; fileEncoding = 4; lastKnownFileType = text.json; path = brand.json; sourceTree = "<group>"; };
		6D7ECE0B2A68930B00298F87 /* category.json */ = {isa = PBXFileReference; fileEncoding = 4; lastKnownFileType = text.json; path = category.json; sourceTree = "<group>"; };
		6D7ECE112A6893D600298F87 /* Info.plist */ = {isa = PBXFileReference; lastKnownFileType = text.plist; path = Info.plist; sourceTree = "<group>"; };
		6D7ECE192A68971B00298F87 /* Constant.swift */ = {isa = PBXFileReference; lastKnownFileType = sourcecode.swift; path = Constant.swift; sourceTree = "<group>"; };
		6D7ECE1B2A6897D100298F87 /* FooterView.swift */ = {isa = PBXFileReference; lastKnownFileType = sourcecode.swift; path = FooterView.swift; sourceTree = "<group>"; };
		6D7ECE1D2A689CD800298F87 /* NavigationBarView.swift */ = {isa = PBXFileReference; lastKnownFileType = sourcecode.swift; path = NavigationBarView.swift; sourceTree = "<group>"; };
		6D7ECE1F2A689F3E00298F87 /* LogoView.swift */ = {isa = PBXFileReference; lastKnownFileType = sourcecode.swift; path = LogoView.swift; sourceTree = "<group>"; };
/* End PBXFileReference section */

/* Begin PBXFrameworksBuildPhase section */
		6D7ECDF42A68924100298F87 /* Frameworks */ = {
			isa = PBXFrameworksBuildPhase;
			buildActionMask = 2147483647;
			files = (
			);
			runOnlyForDeploymentPostprocessing = 0;
		};
/* End PBXFrameworksBuildPhase section */

/* Begin PBXGroup section */
		6D7ECDEE2A68924100298F87 = {
			isa = PBXGroup;
			children = (
				6D7ECDF92A68924100298F87 /* Touchdown */,
				6D7ECDF82A68924100298F87 /* Products */,
			);
			sourceTree = "<group>";
		};
		6D7ECDF82A68924100298F87 /* Products */ = {
			isa = PBXGroup;
			children = (
				6D7ECDF72A68924100298F87 /* Touchdown.app */,
			);
			name = Products;
			sourceTree = "<group>";
		};
		6D7ECDF92A68924100298F87 /* Touchdown */ = {
			isa = PBXGroup;
			children = (
				6D7ECE122A68962D00298F87 /* App */,
				6D7ECE132A68963800298F87 /* View */,
				6D7ECE102A68931500298F87 /* Data */,
				6D7ECE162A68968A00298F87 /* Model */,
				6D7ECE182A6896B500298F87 /* Utility */,
				6D7ECE172A6896A400298F87 /* Extension */,
				6D7ECE112A6893D600298F87 /* Info.plist */,
				6D7ECDFE2A68924300298F87 /* Assets.xcassets */,
				6D7ECE002A68924300298F87 /* Preview Content */,
			);
			path = Touchdown;
			sourceTree = "<group>";
		};
		6D7ECE002A68924300298F87 /* Preview Content */ = {
			isa = PBXGroup;
			children = (
				6D7ECE012A68924300298F87 /* Preview Assets.xcassets */,
			);
			path = "Preview Content";
			sourceTree = "<group>";
		};
		6D7ECE102A68931500298F87 /* Data */ = {
			isa = PBXGroup;
			children = (
				6D7ECE0A2A68930B00298F87 /* brand.json */,
				6D7ECE0B2A68930B00298F87 /* category.json */,
				6D7ECE082A68930B00298F87 /* player.json */,
				6D7ECE092A68930B00298F87 /* product.json */,
			);
			path = Data;
			sourceTree = "<group>";
		};
		6D7ECE122A68962D00298F87 /* App */ = {
			isa = PBXGroup;
			children = (
				6D7ECDFA2A68924100298F87 /* TouchdownApp.swift */,
				6D7ECDFC2A68924100298F87 /* ContentView.swift */,
			);
			path = App;
			sourceTree = "<group>";
		};
		6D7ECE132A68963800298F87 /* View */ = {
			isa = PBXGroup;
			children = (
				6D7ECE152A68967200298F87 /* Detail */,
				6D7ECE142A68965300298F87 /* Home */,
			);
			path = View;
			sourceTree = "<group>";
		};
		6D7ECE142A68965300298F87 /* Home */ = {
			isa = PBXGroup;
			children = (
				6D7ECE1B2A6897D100298F87 /* FooterView.swift */,
				6D7ECE1D2A689CD800298F87 /* NavigationBarView.swift */,
				6D7ECE1F2A689F3E00298F87 /* LogoView.swift */,
				6D4145662A6A1FD5008F7625 /* FeaturedItemView.swift */,
				6D4145682A6A20D2008F7625 /* FeaturedTabView.swift */,
				6D41456C2A6A278D008F7625 /* CategoryItemView.swift */,
				6D41456E2A6A2A37008F7625 /* CategoryGridView.swift */,
				6D4145702A6A2C2C008F7625 /* SectionView.swift */,
			);
			path = Home;
			sourceTree = "<group>";
		};
		6D7ECE152A68967200298F87 /* Detail */ = {
			isa = PBXGroup;
			children = (
			);
			path = Detail;
			sourceTree = "<group>";
		};
		6D7ECE162A68968A00298F87 /* Model */ = {
			isa = PBXGroup;
			children = (
				6D4145622A6A1C38008F7625 /* PlayerModel.swift */,
				6D41456A2A6A25C4008F7625 /* CategoryModel.swift */,
			);
			path = Model;
			sourceTree = "<group>";
		};
		6D7ECE172A6896A400298F87 /* Extension */ = {
			isa = PBXGroup;
			children = (
				6D4145642A6A1CA3008F7625 /* CodableBundleExtension.swift */,
			);
			path = Extension;
			sourceTree = "<group>";
		};
		6D7ECE182A6896B500298F87 /* Utility */ = {
			isa = PBXGroup;
			children = (
				6D7ECE192A68971B00298F87 /* Constant.swift */,
			);
			path = Utility;
			sourceTree = "<group>";
		};
/* End PBXGroup section */

/* Begin PBXNativeTarget section */
		6D7ECDF62A68924100298F87 /* Touchdown */ = {
			isa = PBXNativeTarget;
			buildConfigurationList = 6D7ECE052A68924300298F87 /* Build configuration list for PBXNativeTarget "Touchdown" */;
			buildPhases = (
				6D7ECDF32A68924100298F87 /* Sources */,
				6D7ECDF42A68924100298F87 /* Frameworks */,
				6D7ECDF52A68924100298F87 /* Resources */,
			);
			buildRules = (
			);
			dependencies = (
			);
			name = Touchdown;
			productName = Touchdown;
			productReference = 6D7ECDF72A68924100298F87 /* Touchdown.app */;
			productType = "com.apple.product-type.application";
		};
/* End PBXNativeTarget section */

/* Begin PBXProject section */
		6D7ECDEF2A68924100298F87 /* Project object */ = {
			isa = PBXProject;
			attributes = {
				BuildIndependentTargetsInParallel = 1;
				LastSwiftUpdateCheck = 1430;
				LastUpgradeCheck = 1430;
				TargetAttributes = {
					6D7ECDF62A68924100298F87 = {
						CreatedOnToolsVersion = 14.3.1;
					};
				};
			};
			buildConfigurationList = 6D7ECDF22A68924100298F87 /* Build configuration list for PBXProject "Touchdown" */;
			compatibilityVersion = "Xcode 14.0";
			developmentRegion = en;
			hasScannedForEncodings = 0;
			knownRegions = (
				en,
				Base,
			);
			mainGroup = 6D7ECDEE2A68924100298F87;
			productRefGroup = 6D7ECDF82A68924100298F87 /* Products */;
			projectDirPath = "";
			projectRoot = "";
			targets = (
				6D7ECDF62A68924100298F87 /* Touchdown */,
			);
		};
/* End PBXProject section */

/* Begin PBXResourcesBuildPhase section */
		6D7ECDF52A68924100298F87 /* Resources */ = {
			isa = PBXResourcesBuildPhase;
			buildActionMask = 2147483647;
			files = (
				6D7ECE0C2A68930B00298F87 /* player.json in Resources */,
				6D7ECE0E2A68930B00298F87 /* brand.json in Resources */,
				6D7ECE0D2A68930B00298F87 /* product.json in Resources */,
				6D7ECE0F2A68930B00298F87 /* category.json in Resources */,
				6D7ECE022A68924300298F87 /* Preview Assets.xcassets in Resources */,
				6D7ECDFF2A68924300298F87 /* Assets.xcassets in Resources */,
			);
			runOnlyForDeploymentPostprocessing = 0;
		};
/* End PBXResourcesBuildPhase section */

/* Begin PBXSourcesBuildPhase section */
		6D7ECDF32A68924100298F87 /* Sources */ = {
			isa = PBXSourcesBuildPhase;
			buildActionMask = 2147483647;
			files = (
				6D4145652A6A1CA3008F7625 /* CodableBundleExtension.swift in Sources */,
				6D7ECDFD2A68924100298F87 /* ContentView.swift in Sources */,
				6D7ECE202A689F3E00298F87 /* LogoView.swift in Sources */,
				6D7ECE1C2A6897D100298F87 /* FooterView.swift in Sources */,
				6D4145672A6A1FD5008F7625 /* FeaturedItemView.swift in Sources */,
				6D7ECDFB2A68924100298F87 /* TouchdownApp.swift in Sources */,
				6D7ECE1A2A68971B00298F87 /* Constant.swift in Sources */,
				6D41456F2A6A2A37008F7625 /* CategoryGridView.swift in Sources */,
				6D41456B2A6A25C4008F7625 /* CategoryModel.swift in Sources */,
				6D7ECE1E2A689CD800298F87 /* NavigationBarView.swift in Sources */,
				6D4145712A6A2C2C008F7625 /* SectionView.swift in Sources */,
				6D41456D2A6A278D008F7625 /* CategoryItemView.swift in Sources */,
				6D4145692A6A20D2008F7625 /* FeaturedTabView.swift in Sources */,
				6D4145632A6A1C38008F7625 /* PlayerModel.swift in Sources */,
			);
			runOnlyForDeploymentPostprocessing = 0;
		};
/* End PBXSourcesBuildPhase section */

/* Begin XCBuildConfiguration section */
		6D7ECE032A68924300298F87 /* Debug */ = {
			isa = XCBuildConfiguration;
			buildSettings = {
				ALWAYS_SEARCH_USER_PATHS = NO;
				CLANG_ANALYZER_NONNULL = YES;
				CLANG_ANALYZER_NUMBER_OBJECT_CONVERSION = YES_AGGRESSIVE;
				CLANG_CXX_LANGUAGE_STANDARD = "gnu++20";
				CLANG_ENABLE_MODULES = YES;
				CLANG_ENABLE_OBJC_ARC = YES;
				CLANG_ENABLE_OBJC_WEAK = YES;
				CLANG_WARN_BLOCK_CAPTURE_AUTORELEASING = YES;
				CLANG_WARN_BOOL_CONVERSION = YES;
				CLANG_WARN_COMMA = YES;
				CLANG_WARN_CONSTANT_CONVERSION = YES;
				CLANG_WARN_DEPRECATED_OBJC_IMPLEMENTATIONS = YES;
				CLANG_WARN_DIRECT_OBJC_ISA_USAGE = YES_ERROR;
				CLANG_WARN_DOCUMENTATION_COMMENTS = YES;
				CLANG_WARN_EMPTY_BODY = YES;
				CLANG_WARN_ENUM_CONVERSION = YES;
				CLANG_WARN_INFINITE_RECURSION = YES;
				CLANG_WARN_INT_CONVERSION = YES;
				CLANG_WARN_NON_LITERAL_NULL_CONVERSION = YES;
				CLANG_WARN_OBJC_IMPLICIT_RETAIN_SELF = YES;
				CLANG_WARN_OBJC_LITERAL_CONVERSION = YES;
				CLANG_WARN_OBJC_ROOT_CLASS = YES_ERROR;
				CLANG_WARN_QUOTED_INCLUDE_IN_FRAMEWORK_HEADER = YES;
				CLANG_WARN_RANGE_LOOP_ANALYSIS = YES;
				CLANG_WARN_STRICT_PROTOTYPES = YES;
				CLANG_WARN_SUSPICIOUS_MOVE = YES;
				CLANG_WARN_UNGUARDED_AVAILABILITY = YES_AGGRESSIVE;
				CLANG_WARN_UNREACHABLE_CODE = YES;
				CLANG_WARN__DUPLICATE_METHOD_MATCH = YES;
				COPY_PHASE_STRIP = NO;
				DEBUG_INFORMATION_FORMAT = dwarf;
				ENABLE_STRICT_OBJC_MSGSEND = YES;
				ENABLE_TESTABILITY = YES;
				GCC_C_LANGUAGE_STANDARD = gnu11;
				GCC_DYNAMIC_NO_PIC = NO;
				GCC_NO_COMMON_BLOCKS = YES;
				GCC_OPTIMIZATION_LEVEL = 0;
				GCC_PREPROCESSOR_DEFINITIONS = (
					"DEBUG=1",
					"$(inherited)",
				);
				GCC_WARN_64_TO_32_BIT_CONVERSION = YES;
				GCC_WARN_ABOUT_RETURN_TYPE = YES_ERROR;
				GCC_WARN_UNDECLARED_SELECTOR = YES;
				GCC_WARN_UNINITIALIZED_AUTOS = YES_AGGRESSIVE;
				GCC_WARN_UNUSED_FUNCTION = YES;
				GCC_WARN_UNUSED_VARIABLE = YES;
				IPHONEOS_DEPLOYMENT_TARGET = 16.4;
				MTL_ENABLE_DEBUG_INFO = INCLUDE_SOURCE;
				MTL_FAST_MATH = YES;
				ONLY_ACTIVE_ARCH = YES;
				SDKROOT = iphoneos;
				SWIFT_ACTIVE_COMPILATION_CONDITIONS = DEBUG;
				SWIFT_OPTIMIZATION_LEVEL = "-Onone";
			};
			name = Debug;
		};
		6D7ECE042A68924300298F87 /* Release */ = {
			isa = XCBuildConfiguration;
			buildSettings = {
				ALWAYS_SEARCH_USER_PATHS = NO;
				CLANG_ANALYZER_NONNULL = YES;
				CLANG_ANALYZER_NUMBER_OBJECT_CONVERSION = YES_AGGRESSIVE;
				CLANG_CXX_LANGUAGE_STANDARD = "gnu++20";
				CLANG_ENABLE_MODULES = YES;
				CLANG_ENABLE_OBJC_ARC = YES;
				CLANG_ENABLE_OBJC_WEAK = YES;
				CLANG_WARN_BLOCK_CAPTURE_AUTORELEASING = YES;
				CLANG_WARN_BOOL_CONVERSION = YES;
				CLANG_WARN_COMMA = YES;
				CLANG_WARN_CONSTANT_CONVERSION = YES;
				CLANG_WARN_DEPRECATED_OBJC_IMPLEMENTATIONS = YES;
				CLANG_WARN_DIRECT_OBJC_ISA_USAGE = YES_ERROR;
				CLANG_WARN_DOCUMENTATION_COMMENTS = YES;
				CLANG_WARN_EMPTY_BODY = YES;
				CLANG_WARN_ENUM_CONVERSION = YES;
				CLANG_WARN_INFINITE_RECURSION = YES;
				CLANG_WARN_INT_CONVERSION = YES;
				CLANG_WARN_NON_LITERAL_NULL_CONVERSION = YES;
				CLANG_WARN_OBJC_IMPLICIT_RETAIN_SELF = YES;
				CLANG_WARN_OBJC_LITERAL_CONVERSION = YES;
				CLANG_WARN_OBJC_ROOT_CLASS = YES_ERROR;
				CLANG_WARN_QUOTED_INCLUDE_IN_FRAMEWORK_HEADER = YES;
				CLANG_WARN_RANGE_LOOP_ANALYSIS = YES;
				CLANG_WARN_STRICT_PROTOTYPES = YES;
				CLANG_WARN_SUSPICIOUS_MOVE = YES;
				CLANG_WARN_UNGUARDED_AVAILABILITY = YES_AGGRESSIVE;
				CLANG_WARN_UNREACHABLE_CODE = YES;
				CLANG_WARN__DUPLICATE_METHOD_MATCH = YES;
				COPY_PHASE_STRIP = NO;
				DEBUG_INFORMATION_FORMAT = "dwarf-with-dsym";
				ENABLE_NS_ASSERTIONS = NO;
				ENABLE_STRICT_OBJC_MSGSEND = YES;
				GCC_C_LANGUAGE_STANDARD = gnu11;
				GCC_NO_COMMON_BLOCKS = YES;
				GCC_WARN_64_TO_32_BIT_CONVERSION = YES;
				GCC_WARN_ABOUT_RETURN_TYPE = YES_ERROR;
				GCC_WARN_UNDECLARED_SELECTOR = YES;
				GCC_WARN_UNINITIALIZED_AUTOS = YES_AGGRESSIVE;
				GCC_WARN_UNUSED_FUNCTION = YES;
				GCC_WARN_UNUSED_VARIABLE = YES;
				IPHONEOS_DEPLOYMENT_TARGET = 16.4;
				MTL_ENABLE_DEBUG_INFO = NO;
				MTL_FAST_MATH = YES;
				SDKROOT = iphoneos;
				SWIFT_COMPILATION_MODE = wholemodule;
				SWIFT_OPTIMIZATION_LEVEL = "-O";
				VALIDATE_PRODUCT = YES;
			};
			name = Release;
		};
		6D7ECE062A68924300298F87 /* Debug */ = {
			isa = XCBuildConfiguration;
			buildSettings = {
				ASSETCATALOG_COMPILER_APPICON_NAME = AppIcon;
				ASSETCATALOG_COMPILER_GLOBAL_ACCENT_COLOR_NAME = AccentColor;
				CODE_SIGN_STYLE = Automatic;
				CURRENT_PROJECT_VERSION = 1;
				DEVELOPMENT_ASSET_PATHS = "\"Touchdown/Preview Content\"";
				DEVELOPMENT_TEAM = QK22WHVDS9;
				ENABLE_PREVIEWS = YES;
				GENERATE_INFOPLIST_FILE = YES;
				INFOPLIST_FILE = Touchdown/Info.plist;
				INFOPLIST_KEY_UIApplicationSceneManifest_Generation = YES;
				INFOPLIST_KEY_UIApplicationSupportsIndirectInputEvents = YES;
				INFOPLIST_KEY_UISupportedInterfaceOrientations = UIInterfaceOrientationPortrait;
				INFOPLIST_KEY_UIUserInterfaceStyle = Light;
				LD_RUNPATH_SEARCH_PATHS = (
					"$(inherited)",
					"@executable_path/Frameworks",
				);
				MARKETING_VERSION = 1.0;
				PRODUCT_BUNDLE_IDENTIFIER = com.touchdown.wheeliesllc.Touchdown;
				PRODUCT_NAME = "$(TARGET_NAME)";
				SWIFT_EMIT_LOC_STRINGS = YES;
				SWIFT_VERSION = 5.0;
				TARGETED_DEVICE_FAMILY = "1,2";
			};
			name = Debug;
		};
		6D7ECE072A68924300298F87 /* Release */ = {
			isa = XCBuildConfiguration;
			buildSettings = {
				ASSETCATALOG_COMPILER_APPICON_NAME = AppIcon;
				ASSETCATALOG_COMPILER_GLOBAL_ACCENT_COLOR_NAME = AccentColor;
				CODE_SIGN_STYLE = Automatic;
				CURRENT_PROJECT_VERSION = 1;
				DEVELOPMENT_ASSET_PATHS = "\"Touchdown/Preview Content\"";
				DEVELOPMENT_TEAM = QK22WHVDS9;
				ENABLE_PREVIEWS = YES;
				GENERATE_INFOPLIST_FILE = YES;
				INFOPLIST_FILE = Touchdown/Info.plist;
				INFOPLIST_KEY_UIApplicationSceneManifest_Generation = YES;
				INFOPLIST_KEY_UIApplicationSupportsIndirectInputEvents = YES;
				INFOPLIST_KEY_UISupportedInterfaceOrientations = UIInterfaceOrientationPortrait;
				INFOPLIST_KEY_UIUserInterfaceStyle = Light;
				LD_RUNPATH_SEARCH_PATHS = (
					"$(inherited)",
					"@executable_path/Frameworks",
				);
				MARKETING_VERSION = 1.0;
				PRODUCT_BUNDLE_IDENTIFIER = com.touchdown.wheeliesllc.Touchdown;
				PRODUCT_NAME = "$(TARGET_NAME)";
				SWIFT_EMIT_LOC_STRINGS = YES;
				SWIFT_VERSION = 5.0;
				TARGETED_DEVICE_FAMILY = "1,2";
			};
			name = Release;
		};
/* End XCBuildConfiguration section */

/* Begin XCConfigurationList section */
		6D7ECDF22A68924100298F87 /* Build configuration list for PBXProject "Touchdown" */ = {
			isa = XCConfigurationList;
			buildConfigurations = (
				6D7ECE032A68924300298F87 /* Debug */,
				6D7ECE042A68924300298F87 /* Release */,
			);
			defaultConfigurationIsVisible = 0;
			defaultConfigurationName = Release;
		};
		6D7ECE052A68924300298F87 /* Build configuration list for PBXNativeTarget "Touchdown" */ = {
			isa = XCConfigurationList;
			buildConfigurations = (
				6D7ECE062A68924300298F87 /* Debug */,
				6D7ECE072A68924300298F87 /* Release */,
			);
			defaultConfigurationIsVisible = 0;
			defaultConfigurationName = Release;
		};
/* End XCConfigurationList section */
	};
	rootObject = 6D7ECDEF2A68924100298F87 /* Project object */;
}
