// !$*UTF8*$!
{
	archiveVersion = 1;
	classes = {
	};
	objectVersion = 56;
	objects = {

/* Begin PBXBuildFile section */
		6D9DB4572A71A53100FA4B5B /* AvocadosApp.swift in Sources */ = {isa = PBXBuildFile; fileRef = 6D9DB4562A71A53100FA4B5B /* AvocadosApp.swift */; };
		6D9DB4592A71A53100FA4B5B /* ContentView.swift in Sources */ = {isa = PBXBuildFile; fileRef = 6D9DB4582A71A53100FA4B5B /* ContentView.swift */; };
		6D9DB45B2A71A53300FA4B5B /* Assets.xcassets in Resources */ = {isa = PBXBuildFile; fileRef = 6D9DB45A2A71A53300FA4B5B /* Assets.xcassets */; };
		6D9DB45E2A71A53300FA4B5B /* Preview Assets.xcassets in Resources */ = {isa = PBXBuildFile; fileRef = 6D9DB45D2A71A53300FA4B5B /* Preview Assets.xcassets */; };
		6D9DB4682A71ACF900FA4B5B /* LaunchScreen.storyboard in Resources */ = {isa = PBXBuildFile; fileRef = 6D9DB4662A71ACF800FA4B5B /* LaunchScreen.storyboard */; };
		6D9DB46E2A71B2C100FA4B5B /* AvocadosView.swift in Sources */ = {isa = PBXBuildFile; fileRef = 6D9DB46D2A71B2C100FA4B5B /* AvocadosView.swift */; };
		6D9DB4702A71B2E500FA4B5B /* RippeningStagesView.swift in Sources */ = {isa = PBXBuildFile; fileRef = 6D9DB46F2A71B2E500FA4B5B /* RippeningStagesView.swift */; };
		6D9DB4722A71B30B00FA4B5B /* SettingsView.swift in Sources */ = {isa = PBXBuildFile; fileRef = 6D9DB4712A71B30B00FA4B5B /* SettingsView.swift */; };
		6D9DB4742A71B31A00FA4B5B /* AppView.swift in Sources */ = {isa = PBXBuildFile; fileRef = 6D9DB4732A71B31A00FA4B5B /* AppView.swift */; };
/* End PBXBuildFile section */

/* Begin PBXFileReference section */
		6D9DB4532A71A53100FA4B5B /* Avocados.app */ = {isa = PBXFileReference; explicitFileType = wrapper.application; includeInIndex = 0; path = Avocados.app; sourceTree = BUILT_PRODUCTS_DIR; };
		6D9DB4562A71A53100FA4B5B /* AvocadosApp.swift */ = {isa = PBXFileReference; lastKnownFileType = sourcecode.swift; path = AvocadosApp.swift; sourceTree = "<group>"; };
		6D9DB4582A71A53100FA4B5B /* ContentView.swift */ = {isa = PBXFileReference; lastKnownFileType = sourcecode.swift; path = ContentView.swift; sourceTree = "<group>"; };
		6D9DB45A2A71A53300FA4B5B /* Assets.xcassets */ = {isa = PBXFileReference; lastKnownFileType = folder.assetcatalog; path = Assets.xcassets; sourceTree = "<group>"; };
		6D9DB45D2A71A53300FA4B5B /* Preview Assets.xcassets */ = {isa = PBXFileReference; lastKnownFileType = folder.assetcatalog; path = "Preview Assets.xcassets"; sourceTree = "<group>"; };
		6D9DB4672A71ACF800FA4B5B /* Base */ = {isa = PBXFileReference; lastKnownFileType = file.storyboard; name = Base; path = "../../../Avocados iOS 16/Avocados/Base.lproj/LaunchScreen.storyboard"; sourceTree = "<group>"; };
		6D9DB46C2A71AE1E00FA4B5B /* Info.plist */ = {isa = PBXFileReference; lastKnownFileType = text.plist; path = Info.plist; sourceTree = "<group>"; };
		6D9DB46D2A71B2C100FA4B5B /* AvocadosView.swift */ = {isa = PBXFileReference; lastKnownFileType = sourcecode.swift; path = AvocadosView.swift; sourceTree = "<group>"; };
		6D9DB46F2A71B2E500FA4B5B /* RippeningStagesView.swift */ = {isa = PBXFileReference; lastKnownFileType = sourcecode.swift; path = RippeningStagesView.swift; sourceTree = "<group>"; };
		6D9DB4712A71B30B00FA4B5B /* SettingsView.swift */ = {isa = PBXFileReference; lastKnownFileType = sourcecode.swift; path = SettingsView.swift; sourceTree = "<group>"; };
		6D9DB4732A71B31A00FA4B5B /* AppView.swift */ = {isa = PBXFileReference; lastKnownFileType = sourcecode.swift; path = AppView.swift; sourceTree = "<group>"; };
/* End PBXFileReference section */

/* Begin PBXFrameworksBuildPhase section */
		6D9DB4502A71A53100FA4B5B /* Frameworks */ = {
			isa = PBXFrameworksBuildPhase;
			buildActionMask = 2147483647;
			files = (
			);
			runOnlyForDeploymentPostprocessing = 0;
		};
/* End PBXFrameworksBuildPhase section */

/* Begin PBXGroup section */
		6D9DB44A2A71A53000FA4B5B = {
			isa = PBXGroup;
			children = (
				6D9DB4552A71A53100FA4B5B /* Avocados */,
				6D9DB4542A71A53100FA4B5B /* Products */,
			);
			sourceTree = "<group>";
		};
		6D9DB4542A71A53100FA4B5B /* Products */ = {
			isa = PBXGroup;
			children = (
				6D9DB4532A71A53100FA4B5B /* Avocados.app */,
			);
			name = Products;
			sourceTree = "<group>";
		};
		6D9DB4552A71A53100FA4B5B /* Avocados */ = {
			isa = PBXGroup;
			children = (
				6D9DB46C2A71AE1E00FA4B5B /* Info.plist */,
				6D9DB46A2A71ADBE00FA4B5B /* Data */,
				6D9DB4692A71ADB000FA4B5B /* Model */,
				6D9DB4662A71ACF800FA4B5B /* LaunchScreen.storyboard */,
				6D9DB4562A71A53100FA4B5B /* AvocadosApp.swift */,
				6D9DB46B2A71ADCD00FA4B5B /* View */,
				6D9DB45A2A71A53300FA4B5B /* Assets.xcassets */,
				6D9DB45C2A71A53300FA4B5B /* Preview Content */,
			);
			path = Avocados;
			sourceTree = "<group>";
		};
		6D9DB45C2A71A53300FA4B5B /* Preview Content */ = {
			isa = PBXGroup;
			children = (
				6D9DB45D2A71A53300FA4B5B /* Preview Assets.xcassets */,
			);
			path = "Preview Content";
			sourceTree = "<group>";
		};
		6D9DB4692A71ADB000FA4B5B /* Model */ = {
			isa = PBXGroup;
			children = (
			);
			path = Model;
			sourceTree = "<group>";
		};
		6D9DB46A2A71ADBE00FA4B5B /* Data */ = {
			isa = PBXGroup;
			children = (
			);
			path = Data;
			sourceTree = "<group>";
		};
		6D9DB46B2A71ADCD00FA4B5B /* View */ = {
			isa = PBXGroup;
			children = (
				6D9DB4582A71A53100FA4B5B /* ContentView.swift */,
				6D9DB46D2A71B2C100FA4B5B /* AvocadosView.swift */,
				6D9DB46F2A71B2E500FA4B5B /* RippeningStagesView.swift */,
				6D9DB4712A71B30B00FA4B5B /* SettingsView.swift */,
				6D9DB4732A71B31A00FA4B5B /* AppView.swift */,
			);
			path = View;
			sourceTree = "<group>";
		};
/* End PBXGroup section */

/* Begin PBXNativeTarget section */
		6D9DB4522A71A53100FA4B5B /* Avocados */ = {
			isa = PBXNativeTarget;
			buildConfigurationList = 6D9DB4612A71A53300FA4B5B /* Build configuration list for PBXNativeTarget "Avocados" */;
			buildPhases = (
				6D9DB44F2A71A53100FA4B5B /* Sources */,
				6D9DB4502A71A53100FA4B5B /* Frameworks */,
				6D9DB4512A71A53100FA4B5B /* Resources */,
			);
			buildRules = (
			);
			dependencies = (
			);
			name = Avocados;
			productName = Avocados;
			productReference = 6D9DB4532A71A53100FA4B5B /* Avocados.app */;
			productType = "com.apple.product-type.application";
		};
/* End PBXNativeTarget section */

/* Begin PBXProject section */
		6D9DB44B2A71A53000FA4B5B /* Project object */ = {
			isa = PBXProject;
			attributes = {
				BuildIndependentTargetsInParallel = 1;
				LastSwiftUpdateCheck = 1430;
				LastUpgradeCheck = 1430;
				TargetAttributes = {
					6D9DB4522A71A53100FA4B5B = {
						CreatedOnToolsVersion = 14.3.1;
					};
				};
			};
			buildConfigurationList = 6D9DB44E2A71A53000FA4B5B /* Build configuration list for PBXProject "Avocados" */;
			compatibilityVersion = "Xcode 14.0";
			developmentRegion = en;
			hasScannedForEncodings = 0;
			knownRegions = (
				en,
				Base,
			);
			mainGroup = 6D9DB44A2A71A53000FA4B5B;
			productRefGroup = 6D9DB4542A71A53100FA4B5B /* Products */;
			projectDirPath = "";
			projectRoot = "";
			targets = (
				6D9DB4522A71A53100FA4B5B /* Avocados */,
			);
		};
/* End PBXProject section */

/* Begin PBXResourcesBuildPhase section */
		6D9DB4512A71A53100FA4B5B /* Resources */ = {
			isa = PBXResourcesBuildPhase;
			buildActionMask = 2147483647;
			files = (
				6D9DB4682A71ACF900FA4B5B /* LaunchScreen.storyboard in Resources */,
				6D9DB45E2A71A53300FA4B5B /* Preview Assets.xcassets in Resources */,
				6D9DB45B2A71A53300FA4B5B /* Assets.xcassets in Resources */,
			);
			runOnlyForDeploymentPostprocessing = 0;
		};
/* End PBXResourcesBuildPhase section */

/* Begin PBXSourcesBuildPhase section */
		6D9DB44F2A71A53100FA4B5B /* Sources */ = {
			isa = PBXSourcesBuildPhase;
			buildActionMask = 2147483647;
			files = (
				6D9DB4722A71B30B00FA4B5B /* SettingsView.swift in Sources */,
				6D9DB4592A71A53100FA4B5B /* ContentView.swift in Sources */,
				6D9DB4742A71B31A00FA4B5B /* AppView.swift in Sources */,
				6D9DB4572A71A53100FA4B5B /* AvocadosApp.swift in Sources */,
				6D9DB4702A71B2E500FA4B5B /* RippeningStagesView.swift in Sources */,
				6D9DB46E2A71B2C100FA4B5B /* AvocadosView.swift in Sources */,
			);
			runOnlyForDeploymentPostprocessing = 0;
		};
/* End PBXSourcesBuildPhase section */

/* Begin PBXVariantGroup section */
		6D9DB4662A71ACF800FA4B5B /* LaunchScreen.storyboard */ = {
			isa = PBXVariantGroup;
			children = (
				6D9DB4672A71ACF800FA4B5B /* Base */,
			);
			name = LaunchScreen.storyboard;
			sourceTree = "<group>";
		};
/* End PBXVariantGroup section */

/* Begin XCBuildConfiguration section */
		6D9DB45F2A71A53300FA4B5B /* Debug */ = {
			isa = XCBuildConfiguration;
			buildSettings = {
				ALWAYS_SEARCH_USER_PATHS = NO;
				CLANG_ANALYZER_NONNULL = YES;
				CLANG_ANALYZER_NUMBER_OBJECT_CONVERSION = YES_AGGRESSIVE;
				CLANG_CXX_LANGUAGE_STANDARD = "gnu++20";
				CLANG_ENABLE_MODULES = YES;
				CLANG_ENABLE_OBJC_ARC = YES;
				CLANG_ENABLE_OBJC_WEAK = YES;
				CLANG_WARN_BLOCK_CAPTURE_AUTORELEASING = YES;
				CLANG_WARN_BOOL_CONVERSION = YES;
				CLANG_WARN_COMMA = YES;
				CLANG_WARN_CONSTANT_CONVERSION = YES;
				CLANG_WARN_DEPRECATED_OBJC_IMPLEMENTATIONS = YES;
				CLANG_WARN_DIRECT_OBJC_ISA_USAGE = YES_ERROR;
				CLANG_WARN_DOCUMENTATION_COMMENTS = YES;
				CLANG_WARN_EMPTY_BODY = YES;
				CLANG_WARN_ENUM_CONVERSION = YES;
				CLANG_WARN_INFINITE_RECURSION = YES;
				CLANG_WARN_INT_CONVERSION = YES;
				CLANG_WARN_NON_LITERAL_NULL_CONVERSION = YES;
				CLANG_WARN_OBJC_IMPLICIT_RETAIN_SELF = YES;
				CLANG_WARN_OBJC_LITERAL_CONVERSION = YES;
				CLANG_WARN_OBJC_ROOT_CLASS = YES_ERROR;
				CLANG_WARN_QUOTED_INCLUDE_IN_FRAMEWORK_HEADER = YES;
				CLANG_WARN_RANGE_LOOP_ANALYSIS = YES;
				CLANG_WARN_STRICT_PROTOTYPES = YES;
				CLANG_WARN_SUSPICIOUS_MOVE = YES;
				CLANG_WARN_UNGUARDED_AVAILABILITY = YES_AGGRESSIVE;
				CLANG_WARN_UNREACHABLE_CODE = YES;
				CLANG_WARN__DUPLICATE_METHOD_MATCH = YES;
				COPY_PHASE_STRIP = NO;
				DEBUG_INFORMATION_FORMAT = dwarf;
				ENABLE_STRICT_OBJC_MSGSEND = YES;
				ENABLE_TESTABILITY = YES;
				GCC_C_LANGUAGE_STANDARD = gnu11;
				GCC_DYNAMIC_NO_PIC = NO;
				GCC_NO_COMMON_BLOCKS = YES;
				GCC_OPTIMIZATION_LEVEL = 0;
				GCC_PREPROCESSOR_DEFINITIONS = (
					"DEBUG=1",
					"$(inherited)",
				);
				GCC_WARN_64_TO_32_BIT_CONVERSION = YES;
				GCC_WARN_ABOUT_RETURN_TYPE = YES_ERROR;
				GCC_WARN_UNDECLARED_SELECTOR = YES;
				GCC_WARN_UNINITIALIZED_AUTOS = YES_AGGRESSIVE;
				GCC_WARN_UNUSED_FUNCTION = YES;
				GCC_WARN_UNUSED_VARIABLE = YES;
				IPHONEOS_DEPLOYMENT_TARGET = 16.4;
				MTL_ENABLE_DEBUG_INFO = INCLUDE_SOURCE;
				MTL_FAST_MATH = YES;
				ONLY_ACTIVE_ARCH = NO;
				SDKROOT = iphoneos;
				SWIFT_ACTIVE_COMPILATION_CONDITIONS = DEBUG;
				SWIFT_OPTIMIZATION_LEVEL = "-Onone";
			};
			name = Debug;
		};
		6D9DB4602A71A53300FA4B5B /* Release */ = {
			isa = XCBuildConfiguration;
			buildSettings = {
				ALWAYS_SEARCH_USER_PATHS = NO;
				CLANG_ANALYZER_NONNULL = YES;
				CLANG_ANALYZER_NUMBER_OBJECT_CONVERSION = YES_AGGRESSIVE;
				CLANG_CXX_LANGUAGE_STANDARD = "gnu++20";
				CLANG_ENABLE_MODULES = YES;
				CLANG_ENABLE_OBJC_ARC = YES;
				CLANG_ENABLE_OBJC_WEAK = YES;
				CLANG_WARN_BLOCK_CAPTURE_AUTORELEASING = YES;
				CLANG_WARN_BOOL_CONVERSION = YES;
				CLANG_WARN_COMMA = YES;
				CLANG_WARN_CONSTANT_CONVERSION = YES;
				CLANG_WARN_DEPRECATED_OBJC_IMPLEMENTATIONS = YES;
				CLANG_WARN_DIRECT_OBJC_ISA_USAGE = YES_ERROR;
				CLANG_WARN_DOCUMENTATION_COMMENTS = YES;
				CLANG_WARN_EMPTY_BODY = YES;
				CLANG_WARN_ENUM_CONVERSION = YES;
				CLANG_WARN_INFINITE_RECURSION = YES;
				CLANG_WARN_INT_CONVERSION = YES;
				CLANG_WARN_NON_LITERAL_NULL_CONVERSION = YES;
				CLANG_WARN_OBJC_IMPLICIT_RETAIN_SELF = YES;
				CLANG_WARN_OBJC_LITERAL_CONVERSION = YES;
				CLANG_WARN_OBJC_ROOT_CLASS = YES_ERROR;
				CLANG_WARN_QUOTED_INCLUDE_IN_FRAMEWORK_HEADER = YES;
				CLANG_WARN_RANGE_LOOP_ANALYSIS = YES;
				CLANG_WARN_STRICT_PROTOTYPES = YES;
				CLANG_WARN_SUSPICIOUS_MOVE = YES;
				CLANG_WARN_UNGUARDED_AVAILABILITY = YES_AGGRESSIVE;
				CLANG_WARN_UNREACHABLE_CODE = YES;
				CLANG_WARN__DUPLICATE_METHOD_MATCH = YES;
				COPY_PHASE_STRIP = NO;
				DEBUG_INFORMATION_FORMAT = "dwarf-with-dsym";
				ENABLE_NS_ASSERTIONS = NO;
				ENABLE_STRICT_OBJC_MSGSEND = YES;
				GCC_C_LANGUAGE_STANDARD = gnu11;
				GCC_NO_COMMON_BLOCKS = YES;
				GCC_WARN_64_TO_32_BIT_CONVERSION = YES;
				GCC_WARN_ABOUT_RETURN_TYPE = YES_ERROR;
				GCC_WARN_UNDECLARED_SELECTOR = YES;
				GCC_WARN_UNINITIALIZED_AUTOS = YES_AGGRESSIVE;
				GCC_WARN_UNUSED_FUNCTION = YES;
				GCC_WARN_UNUSED_VARIABLE = YES;
				IPHONEOS_DEPLOYMENT_TARGET = 16.4;
				MTL_ENABLE_DEBUG_INFO = NO;
				MTL_FAST_MATH = YES;
				ONLY_ACTIVE_ARCH = NO;
				SDKROOT = iphoneos;
				SWIFT_COMPILATION_MODE = wholemodule;
				SWIFT_OPTIMIZATION_LEVEL = "-O";
				VALIDATE_PRODUCT = YES;
			};
			name = Release;
		};
		6D9DB4622A71A53300FA4B5B /* Debug */ = {
			isa = XCBuildConfiguration;
			buildSettings = {
				ASSETCATALOG_COMPILER_APPICON_NAME = AppIcon;
				ASSETCATALOG_COMPILER_GLOBAL_ACCENT_COLOR_NAME = AccentColor;
				CODE_SIGN_STYLE = Automatic;
				CURRENT_PROJECT_VERSION = 1;
				DEVELOPMENT_ASSET_PATHS = "\"Avocados/Preview Content\"";
				DEVELOPMENT_TEAM = QK22WHVDS9;
				ENABLE_PREVIEWS = YES;
				GENERATE_INFOPLIST_FILE = YES;
				INFOPLIST_FILE = Avocados/Info.plist;
				INFOPLIST_KEY_LSApplicationCategoryType = "public.app-category.food-and-drink";
				INFOPLIST_KEY_UIApplicationSceneManifest_Generation = YES;
				INFOPLIST_KEY_UIApplicationSupportsIndirectInputEvents = YES;
				INFOPLIST_KEY_UILaunchStoryboardName = "";
				INFOPLIST_KEY_UISupportedInterfaceOrientations = UIInterfaceOrientationPortrait;
				LD_RUNPATH_SEARCH_PATHS = (
					"$(inherited)",
					"@executable_path/Frameworks",
				);
				MARKETING_VERSION = 1.0;
				PRODUCT_BUNDLE_IDENTIFIER = com.wheeliesllc.Avocados;
				PRODUCT_NAME = "$(TARGET_NAME)";
				SWIFT_EMIT_LOC_STRINGS = YES;
				SWIFT_VERSION = 5.0;
				TARGETED_DEVICE_FAMILY = "1,2";
			};
			name = Debug;
		};
		6D9DB4632A71A53300FA4B5B /* Release */ = {
			isa = XCBuildConfiguration;
			buildSettings = {
				ASSETCATALOG_COMPILER_APPICON_NAME = AppIcon;
				ASSETCATALOG_COMPILER_GLOBAL_ACCENT_COLOR_NAME = AccentColor;
				CODE_SIGN_STYLE = Automatic;
				CURRENT_PROJECT_VERSION = 1;
				DEVELOPMENT_ASSET_PATHS = "\"Avocados/Preview Content\"";
				DEVELOPMENT_TEAM = QK22WHVDS9;
				ENABLE_PREVIEWS = YES;
				GENERATE_INFOPLIST_FILE = YES;
				INFOPLIST_FILE = Avocados/Info.plist;
				INFOPLIST_KEY_LSApplicationCategoryType = "public.app-category.food-and-drink";
				INFOPLIST_KEY_UIApplicationSceneManifest_Generation = YES;
				INFOPLIST_KEY_UIApplicationSupportsIndirectInputEvents = YES;
				INFOPLIST_KEY_UILaunchStoryboardName = "";
				INFOPLIST_KEY_UISupportedInterfaceOrientations = UIInterfaceOrientationPortrait;
				LD_RUNPATH_SEARCH_PATHS = (
					"$(inherited)",
					"@executable_path/Frameworks",
				);
				MARKETING_VERSION = 1.0;
				PRODUCT_BUNDLE_IDENTIFIER = com.wheeliesllc.Avocados;
				PRODUCT_NAME = "$(TARGET_NAME)";
				SWIFT_EMIT_LOC_STRINGS = YES;
				SWIFT_VERSION = 5.0;
				TARGETED_DEVICE_FAMILY = "1,2";
			};
			name = Release;
		};
/* End XCBuildConfiguration section */

/* Begin XCConfigurationList section */
		6D9DB44E2A71A53000FA4B5B /* Build configuration list for PBXProject "Avocados" */ = {
			isa = XCConfigurationList;
			buildConfigurations = (
				6D9DB45F2A71A53300FA4B5B /* Debug */,
				6D9DB4602A71A53300FA4B5B /* Release */,
			);
			defaultConfigurationIsVisible = 0;
			defaultConfigurationName = Release;
		};
		6D9DB4612A71A53300FA4B5B /* Build configuration list for PBXNativeTarget "Avocados" */ = {
			isa = XCConfigurationList;
			buildConfigurations = (
				6D9DB4622A71A53300FA4B5B /* Debug */,
				6D9DB4632A71A53300FA4B5B /* Release */,
			);
			defaultConfigurationIsVisible = 0;
			defaultConfigurationName = Release;
		};
/* End XCConfigurationList section */
	};
	rootObject = 6D9DB44B2A71A53000FA4B5B /* Project object */;
}
