// !$*UTF8*$!
{
	archiveVersion = 1;
	classes = {
	};
	objectVersion = 56;
	objects = {

/* Begin PBXBuildFile section */
		6D8BC62529673818008E48B5 /* AfricaApp.swift in Sources */ = {isa = PBXBuildFile; fileRef = 6D8BC62429673818008E48B5 /* AfricaApp.swift */; };
		6D8BC62729673818008E48B5 /* ContentView.swift in Sources */ = {isa = PBXBuildFile; fileRef = 6D8BC62629673818008E48B5 /* ContentView.swift */; };
		6D8BC6292967381B008E48B5 /* Assets.xcassets in Resources */ = {isa = PBXBuildFile; fileRef = 6D8BC6282967381B008E48B5 /* Assets.xcassets */; };
		6D8BC62C2967381B008E48B5 /* Preview Assets.xcassets in Resources */ = {isa = PBXBuildFile; fileRef = 6D8BC62B2967381B008E48B5 /* Preview Assets.xcassets */; };
		6D8BC64229676C33008E48B5 /* covers.json in Resources */ = {isa = PBXBuildFile; fileRef = 6D8BC63E29676C33008E48B5 /* covers.json */; };
		6D8BC64329676C33008E48B5 /* animals.json in Resources */ = {isa = PBXBuildFile; fileRef = 6D8BC63F29676C33008E48B5 /* animals.json */; };
		6D8BC64429676C33008E48B5 /* videos.json in Resources */ = {isa = PBXBuildFile; fileRef = 6D8BC64029676C33008E48B5 /* videos.json */; };
		6D8BC64529676C33008E48B5 /* locations.json in Resources */ = {isa = PBXBuildFile; fileRef = 6D8BC64129676C33008E48B5 /* locations.json */; };
		6D8BC649296771AF008E48B5 /* VideoListView.swift in Sources */ = {isa = PBXBuildFile; fileRef = 6D8BC648296771AF008E48B5 /* VideoListView.swift */; };
		6DD7F6662A5E10B300A6E634 /* MapView.swift in Sources */ = {isa = PBXBuildFile; fileRef = 6DD7F6652A5E10B300A6E634 /* MapView.swift */; };
		6DD7F6682A5E10D400A6E634 /* GalleryView.swift in Sources */ = {isa = PBXBuildFile; fileRef = 6DD7F6672A5E10D400A6E634 /* GalleryView.swift */; };
		6DD7F66A2A5E10F200A6E634 /* MainView.swift in Sources */ = {isa = PBXBuildFile; fileRef = 6DD7F6692A5E10F200A6E634 /* MainView.swift */; };
		6DD7F66D2A5E1CA200A6E634 /* CoverImageView.swift in Sources */ = {isa = PBXBuildFile; fileRef = 6DD7F66C2A5E1CA200A6E634 /* CoverImageView.swift */; };
		6DD7F6702A5E221600A6E634 /* CoverImageModel.swift in Sources */ = {isa = PBXBuildFile; fileRef = 6DD7F66F2A5E221600A6E634 /* CoverImageModel.swift */; };
		6DD7F6732A5E241000A6E634 /* CodableBundleExtension.swift in Sources */ = {isa = PBXBuildFile; fileRef = 6DD7F6722A5E241000A6E634 /* CodableBundleExtension.swift */; };
		6DD7F6752A5E2FB100A6E634 /* AnimalListItemView.swift in Sources */ = {isa = PBXBuildFile; fileRef = 6DD7F6742A5E2FB100A6E634 /* AnimalListItemView.swift */; };
		6DD7F6772A5E343E00A6E634 /* AnimalModel.swift in Sources */ = {isa = PBXBuildFile; fileRef = 6DD7F6762A5E343E00A6E634 /* AnimalModel.swift */; };
		6DD7F6792A5E3C5400A6E634 /* AnimalDetailView.swift in Sources */ = {isa = PBXBuildFile; fileRef = 6DD7F6782A5E3C5400A6E634 /* AnimalDetailView.swift */; };
		6DD7F67B2A5E42F800A6E634 /* HeadingView.swift in Sources */ = {isa = PBXBuildFile; fileRef = 6DD7F67A2A5E42F800A6E634 /* HeadingView.swift */; };
		6DD7F67D2A5E459700A6E634 /* InsetGalleryView.swift in Sources */ = {isa = PBXBuildFile; fileRef = 6DD7F67C2A5E459700A6E634 /* InsetGalleryView.swift */; };
/* End PBXBuildFile section */

/* Begin PBXFileReference section */
		6D8BC62129673818008E48B5 /* Africa.app */ = {isa = PBXFileReference; explicitFileType = wrapper.application; includeInIndex = 0; path = Africa.app; sourceTree = BUILT_PRODUCTS_DIR; };
		6D8BC62429673818008E48B5 /* AfricaApp.swift */ = {isa = PBXFileReference; lastKnownFileType = sourcecode.swift; path = AfricaApp.swift; sourceTree = "<group>"; };
		6D8BC62629673818008E48B5 /* ContentView.swift */ = {isa = PBXFileReference; lastKnownFileType = sourcecode.swift; path = ContentView.swift; sourceTree = "<group>"; };
		6D8BC6282967381B008E48B5 /* Assets.xcassets */ = {isa = PBXFileReference; lastKnownFileType = folder.assetcatalog; path = Assets.xcassets; sourceTree = "<group>"; };
		6D8BC62B2967381B008E48B5 /* Preview Assets.xcassets */ = {isa = PBXFileReference; lastKnownFileType = folder.assetcatalog; path = "Preview Assets.xcassets"; sourceTree = "<group>"; };
		6D8BC63329676B5E008E48B5 /* lioness.mp4 */ = {isa = PBXFileReference; lastKnownFileType = file; name = lioness.mp4; path = ../../../../Resources/video/lioness.mp4; sourceTree = "<group>"; };
		6D8BC63429676B5E008E48B5 /* zebra.mp4 */ = {isa = PBXFileReference; lastKnownFileType = file; name = zebra.mp4; path = ../../../../Resources/video/zebra.mp4; sourceTree = "<group>"; };
		6D8BC63529676B5E008E48B5 /* hippo.mp4 */ = {isa = PBXFileReference; lastKnownFileType = file; name = hippo.mp4; path = ../../../../Resources/video/hippo.mp4; sourceTree = "<group>"; };
		6D8BC63629676B5F008E48B5 /* giraffe.mp4 */ = {isa = PBXFileReference; lastKnownFileType = file; name = giraffe.mp4; path = ../../../../Resources/video/giraffe.mp4; sourceTree = "<group>"; };
		6D8BC63729676B5F008E48B5 /* ostrich.mp4 */ = {isa = PBXFileReference; lastKnownFileType = file; name = ostrich.mp4; path = ../../../../Resources/video/ostrich.mp4; sourceTree = "<group>"; };
		6D8BC63829676B5F008E48B5 /* lion.mp4 */ = {isa = PBXFileReference; lastKnownFileType = file; name = lion.mp4; path = ../../../../Resources/video/lion.mp4; sourceTree = "<group>"; };
		6D8BC63929676B5F008E48B5 /* gorilla.mp4 */ = {isa = PBXFileReference; lastKnownFileType = file; name = gorilla.mp4; path = ../../../../Resources/video/gorilla.mp4; sourceTree = "<group>"; };
		6D8BC63A29676B5F008E48B5 /* cheetah.mp4 */ = {isa = PBXFileReference; lastKnownFileType = file; name = cheetah.mp4; path = ../../../../Resources/video/cheetah.mp4; sourceTree = "<group>"; };
		6D8BC63B29676B5F008E48B5 /* elephant.mp4 */ = {isa = PBXFileReference; lastKnownFileType = file; name = elephant.mp4; path = ../../../../Resources/video/elephant.mp4; sourceTree = "<group>"; };
		6D8BC63C29676B5F008E48B5 /* rhino.mp4 */ = {isa = PBXFileReference; lastKnownFileType = file; name = rhino.mp4; path = ../../../../Resources/video/rhino.mp4; sourceTree = "<group>"; };
		6D8BC63E29676C33008E48B5 /* covers.json */ = {isa = PBXFileReference; fileEncoding = 4; lastKnownFileType = text.json; name = covers.json; path = ../../../../Resources/data/covers.json; sourceTree = "<group>"; };
		6D8BC63F29676C33008E48B5 /* animals.json */ = {isa = PBXFileReference; fileEncoding = 4; lastKnownFileType = text.json; name = animals.json; path = ../../../../Resources/data/animals.json; sourceTree = "<group>"; };
		6D8BC64029676C33008E48B5 /* videos.json */ = {isa = PBXFileReference; fileEncoding = 4; lastKnownFileType = text.json; name = videos.json; path = ../../../../Resources/data/videos.json; sourceTree = "<group>"; };
		6D8BC64129676C33008E48B5 /* locations.json */ = {isa = PBXFileReference; fileEncoding = 4; lastKnownFileType = text.json; name = locations.json; path = ../../../../Resources/data/locations.json; sourceTree = "<group>"; };
		6D8BC64629677026008E48B5 /* Info.plist */ = {isa = PBXFileReference; lastKnownFileType = text.plist; path = Info.plist; sourceTree = "<group>"; };
		6D8BC648296771AF008E48B5 /* VideoListView.swift */ = {isa = PBXFileReference; lastKnownFileType = sourcecode.swift; path = VideoListView.swift; sourceTree = "<group>"; };
		6DD7F6652A5E10B300A6E634 /* MapView.swift */ = {isa = PBXFileReference; lastKnownFileType = sourcecode.swift; path = MapView.swift; sourceTree = "<group>"; };
		6DD7F6672A5E10D400A6E634 /* GalleryView.swift */ = {isa = PBXFileReference; lastKnownFileType = sourcecode.swift; path = GalleryView.swift; sourceTree = "<group>"; };
		6DD7F6692A5E10F200A6E634 /* MainView.swift */ = {isa = PBXFileReference; lastKnownFileType = sourcecode.swift; path = MainView.swift; sourceTree = "<group>"; };
		6DD7F66C2A5E1CA200A6E634 /* CoverImageView.swift */ = {isa = PBXFileReference; lastKnownFileType = sourcecode.swift; path = CoverImageView.swift; sourceTree = "<group>"; };
		6DD7F66F2A5E221600A6E634 /* CoverImageModel.swift */ = {isa = PBXFileReference; lastKnownFileType = sourcecode.swift; path = CoverImageModel.swift; sourceTree = "<group>"; };
		6DD7F6722A5E241000A6E634 /* CodableBundleExtension.swift */ = {isa = PBXFileReference; lastKnownFileType = sourcecode.swift; path = CodableBundleExtension.swift; sourceTree = "<group>"; };
		6DD7F6742A5E2FB100A6E634 /* AnimalListItemView.swift */ = {isa = PBXFileReference; lastKnownFileType = sourcecode.swift; path = AnimalListItemView.swift; sourceTree = "<group>"; };
		6DD7F6762A5E343E00A6E634 /* AnimalModel.swift */ = {isa = PBXFileReference; lastKnownFileType = sourcecode.swift; path = AnimalModel.swift; sourceTree = "<group>"; };
		6DD7F6782A5E3C5400A6E634 /* AnimalDetailView.swift */ = {isa = PBXFileReference; lastKnownFileType = sourcecode.swift; path = AnimalDetailView.swift; sourceTree = "<group>"; };
		6DD7F67A2A5E42F800A6E634 /* HeadingView.swift */ = {isa = PBXFileReference; lastKnownFileType = sourcecode.swift; path = HeadingView.swift; sourceTree = "<group>"; };
		6DD7F67C2A5E459700A6E634 /* InsetGalleryView.swift */ = {isa = PBXFileReference; lastKnownFileType = sourcecode.swift; path = InsetGalleryView.swift; sourceTree = "<group>"; };
/* End PBXFileReference section */

/* Begin PBXFrameworksBuildPhase section */
		6D8BC61E29673818008E48B5 /* Frameworks */ = {
			isa = PBXFrameworksBuildPhase;
			buildActionMask = 2147483647;
			files = (
			);
			runOnlyForDeploymentPostprocessing = 0;
		};
/* End PBXFrameworksBuildPhase section */

/* Begin PBXGroup section */
		6D8BC61829673818008E48B5 = {
			isa = PBXGroup;
			children = (
				6D8BC62329673818008E48B5 /* Africa */,
				6D8BC62229673818008E48B5 /* Products */,
			);
			sourceTree = "<group>";
		};
		6D8BC62229673818008E48B5 /* Products */ = {
			isa = PBXGroup;
			children = (
				6D8BC62129673818008E48B5 /* Africa.app */,
			);
			name = Products;
			sourceTree = "<group>";
		};
		6D8BC62329673818008E48B5 /* Africa */ = {
			isa = PBXGroup;
			children = (
				6DD7F6712A5E23B500A6E634 /* Extension */,
				6DD7F66E2A5E21FA00A6E634 /* Model */,
				6DD7F66B2A5E1C6B00A6E634 /* View */,
				6D8BC64629677026008E48B5 /* Info.plist */,
				6D8BC63D29676C14008E48B5 /* Data */,
				6D8BC63229676AD4008E48B5 /* Video */,
				6D8BC6472967715E008E48B5 /* App */,
				6D8BC6282967381B008E48B5 /* Assets.xcassets */,
				6D8BC62A2967381B008E48B5 /* Preview Content */,
			);
			path = Africa;
			sourceTree = "<group>";
		};
		6D8BC62A2967381B008E48B5 /* Preview Content */ = {
			isa = PBXGroup;
			children = (
				6D8BC62B2967381B008E48B5 /* Preview Assets.xcassets */,
			);
			path = "Preview Content";
			sourceTree = "<group>";
		};
		6D8BC63229676AD4008E48B5 /* Video */ = {
			isa = PBXGroup;
			children = (
				6D8BC63A29676B5F008E48B5 /* cheetah.mp4 */,
				6D8BC63B29676B5F008E48B5 /* elephant.mp4 */,
				6D8BC63629676B5F008E48B5 /* giraffe.mp4 */,
				6D8BC63929676B5F008E48B5 /* gorilla.mp4 */,
				6D8BC63529676B5E008E48B5 /* hippo.mp4 */,
				6D8BC63829676B5F008E48B5 /* lion.mp4 */,
				6D8BC63329676B5E008E48B5 /* lioness.mp4 */,
				6D8BC63729676B5F008E48B5 /* ostrich.mp4 */,
				6D8BC63C29676B5F008E48B5 /* rhino.mp4 */,
				6D8BC63429676B5E008E48B5 /* zebra.mp4 */,
			);
			path = Video;
			sourceTree = "<group>";
		};
		6D8BC63D29676C14008E48B5 /* Data */ = {
			isa = PBXGroup;
			children = (
				6D8BC63F29676C33008E48B5 /* animals.json */,
				6D8BC63E29676C33008E48B5 /* covers.json */,
				6D8BC64129676C33008E48B5 /* locations.json */,
				6D8BC64029676C33008E48B5 /* videos.json */,
			);
			path = Data;
			sourceTree = "<group>";
		};
		6D8BC6472967715E008E48B5 /* App */ = {
			isa = PBXGroup;
			children = (
				6D8BC62429673818008E48B5 /* AfricaApp.swift */,
				6D8BC62629673818008E48B5 /* ContentView.swift */,
				6D8BC648296771AF008E48B5 /* VideoListView.swift */,
				6DD7F6652A5E10B300A6E634 /* MapView.swift */,
				6DD7F6672A5E10D400A6E634 /* GalleryView.swift */,
				6DD7F6692A5E10F200A6E634 /* MainView.swift */,
			);
			path = App;
			sourceTree = "<group>";
		};
		6DD7F66B2A5E1C6B00A6E634 /* View */ = {
			isa = PBXGroup;
			children = (
				6DD7F66C2A5E1CA200A6E634 /* CoverImageView.swift */,
				6DD7F6742A5E2FB100A6E634 /* AnimalListItemView.swift */,
				6DD7F6782A5E3C5400A6E634 /* AnimalDetailView.swift */,
				6DD7F67A2A5E42F800A6E634 /* HeadingView.swift */,
				6DD7F67C2A5E459700A6E634 /* InsetGalleryView.swift */,
			);
			path = View;
			sourceTree = "<group>";
		};
		6DD7F66E2A5E21FA00A6E634 /* Model */ = {
			isa = PBXGroup;
			children = (
				6DD7F66F2A5E221600A6E634 /* CoverImageModel.swift */,
				6DD7F6762A5E343E00A6E634 /* AnimalModel.swift */,
			);
			path = Model;
			sourceTree = "<group>";
		};
		6DD7F6712A5E23B500A6E634 /* Extension */ = {
			isa = PBXGroup;
			children = (
				6DD7F6722A5E241000A6E634 /* CodableBundleExtension.swift */,
			);
			path = Extension;
			sourceTree = "<group>";
		};
/* End PBXGroup section */

/* Begin PBXNativeTarget section */
		6D8BC62029673818008E48B5 /* Africa */ = {
			isa = PBXNativeTarget;
			buildConfigurationList = 6D8BC62F2967381B008E48B5 /* Build configuration list for PBXNativeTarget "Africa" */;
			buildPhases = (
				6D8BC61D29673818008E48B5 /* Sources */,
				6D8BC61E29673818008E48B5 /* Frameworks */,
				6D8BC61F29673818008E48B5 /* Resources */,
			);
			buildRules = (
			);
			dependencies = (
			);
			name = Africa;
			productName = Africa;
			productReference = 6D8BC62129673818008E48B5 /* Africa.app */;
			productType = "com.apple.product-type.application";
		};
/* End PBXNativeTarget section */

/* Begin PBXProject section */
		6D8BC61929673818008E48B5 /* Project object */ = {
			isa = PBXProject;
			attributes = {
				BuildIndependentTargetsInParallel = 1;
				LastSwiftUpdateCheck = 1420;
				LastUpgradeCheck = 1420;
				TargetAttributes = {
					6D8BC62029673818008E48B5 = {
						CreatedOnToolsVersion = 14.2;
					};
				};
			};
			buildConfigurationList = 6D8BC61C29673818008E48B5 /* Build configuration list for PBXProject "Africa" */;
			compatibilityVersion = "Xcode 14.0";
			developmentRegion = en;
			hasScannedForEncodings = 0;
			knownRegions = (
				en,
				Base,
			);
			mainGroup = 6D8BC61829673818008E48B5;
			productRefGroup = 6D8BC62229673818008E48B5 /* Products */;
			projectDirPath = "";
			projectRoot = "";
			targets = (
				6D8BC62029673818008E48B5 /* Africa */,
			);
		};
/* End PBXProject section */

/* Begin PBXResourcesBuildPhase section */
		6D8BC61F29673818008E48B5 /* Resources */ = {
			isa = PBXResourcesBuildPhase;
			buildActionMask = 2147483647;
			files = (
				6D8BC62C2967381B008E48B5 /* Preview Assets.xcassets in Resources */,
				6D8BC64329676C33008E48B5 /* animals.json in Resources */,
				6D8BC64429676C33008E48B5 /* videos.json in Resources */,
				6D8BC64229676C33008E48B5 /* covers.json in Resources */,
				6D8BC64529676C33008E48B5 /* locations.json in Resources */,
				6D8BC6292967381B008E48B5 /* Assets.xcassets in Resources */,
			);
			runOnlyForDeploymentPostprocessing = 0;
		};
/* End PBXResourcesBuildPhase section */

/* Begin PBXSourcesBuildPhase section */
		6D8BC61D29673818008E48B5 /* Sources */ = {
			isa = PBXSourcesBuildPhase;
			buildActionMask = 2147483647;
			files = (
				6D8BC62729673818008E48B5 /* ContentView.swift in Sources */,
				6DD7F6752A5E2FB100A6E634 /* AnimalListItemView.swift in Sources */,
				6DD7F66A2A5E10F200A6E634 /* MainView.swift in Sources */,
				6DD7F66D2A5E1CA200A6E634 /* CoverImageView.swift in Sources */,
				6DD7F6702A5E221600A6E634 /* CoverImageModel.swift in Sources */,
				6DD7F6792A5E3C5400A6E634 /* AnimalDetailView.swift in Sources */,
				6DD7F6772A5E343E00A6E634 /* AnimalModel.swift in Sources */,
				6DD7F6662A5E10B300A6E634 /* MapView.swift in Sources */,
				6D8BC62529673818008E48B5 /* AfricaApp.swift in Sources */,
				6D8BC649296771AF008E48B5 /* VideoListView.swift in Sources */,
				6DD7F6682A5E10D400A6E634 /* GalleryView.swift in Sources */,
				6DD7F67D2A5E459700A6E634 /* InsetGalleryView.swift in Sources */,
				6DD7F6732A5E241000A6E634 /* CodableBundleExtension.swift in Sources */,
				6DD7F67B2A5E42F800A6E634 /* HeadingView.swift in Sources */,
			);
			runOnlyForDeploymentPostprocessing = 0;
		};
/* End PBXSourcesBuildPhase section */

/* Begin XCBuildConfiguration section */
		6D8BC62D2967381B008E48B5 /* Debug */ = {
			isa = XCBuildConfiguration;
			buildSettings = {
				ALWAYS_SEARCH_USER_PATHS = NO;
				CLANG_ANALYZER_NONNULL = YES;
				CLANG_ANALYZER_NUMBER_OBJECT_CONVERSION = YES_AGGRESSIVE;
				CLANG_CXX_LANGUAGE_STANDARD = "gnu++20";
				CLANG_ENABLE_MODULES = YES;
				CLANG_ENABLE_OBJC_ARC = YES;
				CLANG_ENABLE_OBJC_WEAK = YES;
				CLANG_WARN_BLOCK_CAPTURE_AUTORELEASING = YES;
				CLANG_WARN_BOOL_CONVERSION = YES;
				CLANG_WARN_COMMA = YES;
				CLANG_WARN_CONSTANT_CONVERSION = YES;
				CLANG_WARN_DEPRECATED_OBJC_IMPLEMENTATIONS = YES;
				CLANG_WARN_DIRECT_OBJC_ISA_USAGE = YES_ERROR;
				CLANG_WARN_DOCUMENTATION_COMMENTS = YES;
				CLANG_WARN_EMPTY_BODY = YES;
				CLANG_WARN_ENUM_CONVERSION = YES;
				CLANG_WARN_INFINITE_RECURSION = YES;
				CLANG_WARN_INT_CONVERSION = YES;
				CLANG_WARN_NON_LITERAL_NULL_CONVERSION = YES;
				CLANG_WARN_OBJC_IMPLICIT_RETAIN_SELF = YES;
				CLANG_WARN_OBJC_LITERAL_CONVERSION = YES;
				CLANG_WARN_OBJC_ROOT_CLASS = YES_ERROR;
				CLANG_WARN_QUOTED_INCLUDE_IN_FRAMEWORK_HEADER = YES;
				CLANG_WARN_RANGE_LOOP_ANALYSIS = YES;
				CLANG_WARN_STRICT_PROTOTYPES = YES;
				CLANG_WARN_SUSPICIOUS_MOVE = YES;
				CLANG_WARN_UNGUARDED_AVAILABILITY = YES_AGGRESSIVE;
				CLANG_WARN_UNREACHABLE_CODE = YES;
				CLANG_WARN__DUPLICATE_METHOD_MATCH = YES;
				COPY_PHASE_STRIP = NO;
				DEBUG_INFORMATION_FORMAT = dwarf;
				ENABLE_STRICT_OBJC_MSGSEND = YES;
				ENABLE_TESTABILITY = YES;
				GCC_C_LANGUAGE_STANDARD = gnu11;
				GCC_DYNAMIC_NO_PIC = NO;
				GCC_NO_COMMON_BLOCKS = YES;
				GCC_OPTIMIZATION_LEVEL = 0;
				GCC_PREPROCESSOR_DEFINITIONS = (
					"DEBUG=1",
					"$(inherited)",
				);
				GCC_WARN_64_TO_32_BIT_CONVERSION = YES;
				GCC_WARN_ABOUT_RETURN_TYPE = YES_ERROR;
				GCC_WARN_UNDECLARED_SELECTOR = YES;
				GCC_WARN_UNINITIALIZED_AUTOS = YES_AGGRESSIVE;
				GCC_WARN_UNUSED_FUNCTION = YES;
				GCC_WARN_UNUSED_VARIABLE = YES;
				IPHONEOS_DEPLOYMENT_TARGET = 16.2;
				MTL_ENABLE_DEBUG_INFO = INCLUDE_SOURCE;
				MTL_FAST_MATH = YES;
				ONLY_ACTIVE_ARCH = YES;
				SDKROOT = iphoneos;
				SWIFT_ACTIVE_COMPILATION_CONDITIONS = DEBUG;
				SWIFT_OPTIMIZATION_LEVEL = "-Onone";
			};
			name = Debug;
		};
		6D8BC62E2967381B008E48B5 /* Release */ = {
			isa = XCBuildConfiguration;
			buildSettings = {
				ALWAYS_SEARCH_USER_PATHS = NO;
				CLANG_ANALYZER_NONNULL = YES;
				CLANG_ANALYZER_NUMBER_OBJECT_CONVERSION = YES_AGGRESSIVE;
				CLANG_CXX_LANGUAGE_STANDARD = "gnu++20";
				CLANG_ENABLE_MODULES = YES;
				CLANG_ENABLE_OBJC_ARC = YES;
				CLANG_ENABLE_OBJC_WEAK = YES;
				CLANG_WARN_BLOCK_CAPTURE_AUTORELEASING = YES;
				CLANG_WARN_BOOL_CONVERSION = YES;
				CLANG_WARN_COMMA = YES;
				CLANG_WARN_CONSTANT_CONVERSION = YES;
				CLANG_WARN_DEPRECATED_OBJC_IMPLEMENTATIONS = YES;
				CLANG_WARN_DIRECT_OBJC_ISA_USAGE = YES_ERROR;
				CLANG_WARN_DOCUMENTATION_COMMENTS = YES;
				CLANG_WARN_EMPTY_BODY = YES;
				CLANG_WARN_ENUM_CONVERSION = YES;
				CLANG_WARN_INFINITE_RECURSION = YES;
				CLANG_WARN_INT_CONVERSION = YES;
				CLANG_WARN_NON_LITERAL_NULL_CONVERSION = YES;
				CLANG_WARN_OBJC_IMPLICIT_RETAIN_SELF = YES;
				CLANG_WARN_OBJC_LITERAL_CONVERSION = YES;
				CLANG_WARN_OBJC_ROOT_CLASS = YES_ERROR;
				CLANG_WARN_QUOTED_INCLUDE_IN_FRAMEWORK_HEADER = YES;
				CLANG_WARN_RANGE_LOOP_ANALYSIS = YES;
				CLANG_WARN_STRICT_PROTOTYPES = YES;
				CLANG_WARN_SUSPICIOUS_MOVE = YES;
				CLANG_WARN_UNGUARDED_AVAILABILITY = YES_AGGRESSIVE;
				CLANG_WARN_UNREACHABLE_CODE = YES;
				CLANG_WARN__DUPLICATE_METHOD_MATCH = YES;
				COPY_PHASE_STRIP = NO;
				DEBUG_INFORMATION_FORMAT = "dwarf-with-dsym";
				ENABLE_NS_ASSERTIONS = NO;
				ENABLE_STRICT_OBJC_MSGSEND = YES;
				GCC_C_LANGUAGE_STANDARD = gnu11;
				GCC_NO_COMMON_BLOCKS = YES;
				GCC_WARN_64_TO_32_BIT_CONVERSION = YES;
				GCC_WARN_ABOUT_RETURN_TYPE = YES_ERROR;
				GCC_WARN_UNDECLARED_SELECTOR = YES;
				GCC_WARN_UNINITIALIZED_AUTOS = YES_AGGRESSIVE;
				GCC_WARN_UNUSED_FUNCTION = YES;
				GCC_WARN_UNUSED_VARIABLE = YES;
				IPHONEOS_DEPLOYMENT_TARGET = 16.2;
				MTL_ENABLE_DEBUG_INFO = NO;
				MTL_FAST_MATH = YES;
				SDKROOT = iphoneos;
				SWIFT_COMPILATION_MODE = wholemodule;
				SWIFT_OPTIMIZATION_LEVEL = "-O";
				VALIDATE_PRODUCT = YES;
			};
			name = Release;
		};
		6D8BC6302967381B008E48B5 /* Debug */ = {
			isa = XCBuildConfiguration;
			buildSettings = {
				ASSETCATALOG_COMPILER_APPICON_NAME = AppIcon;
				ASSETCATALOG_COMPILER_GLOBAL_ACCENT_COLOR_NAME = AccentColor;
				CODE_SIGN_STYLE = Automatic;
				CURRENT_PROJECT_VERSION = 1;
				DEVELOPMENT_ASSET_PATHS = "\"Africa/Preview Content\"";
				DEVELOPMENT_TEAM = QK22WHVDS9;
				ENABLE_PREVIEWS = YES;
				GENERATE_INFOPLIST_FILE = YES;
				INFOPLIST_FILE = Africa/Info.plist;
				INFOPLIST_KEY_LSApplicationCategoryType = "public.app-category.reference";
				INFOPLIST_KEY_UIApplicationSceneManifest_Generation = YES;
				INFOPLIST_KEY_UIApplicationSupportsIndirectInputEvents = YES;
				INFOPLIST_KEY_UISupportedInterfaceOrientations_iPad = "UIInterfaceOrientationPortrait UIInterfaceOrientationPortraitUpsideDown UIInterfaceOrientationLandscapeLeft UIInterfaceOrientationLandscapeRight";
				INFOPLIST_KEY_UISupportedInterfaceOrientations_iPhone = "UIInterfaceOrientationPortrait UIInterfaceOrientationLandscapeLeft UIInterfaceOrientationLandscapeRight";
				INFOPLIST_KEY_UIUserInterfaceStyle = Dark;
				IPHONEOS_DEPLOYMENT_TARGET = 14.0;
				LD_RUNPATH_SEARCH_PATHS = (
					"$(inherited)",
					"@executable_path/Frameworks",
				);
				MARKETING_VERSION = 1.0;
				PRODUCT_BUNDLE_IDENTIFIER = com.wheeliesllc.Africa;
				PRODUCT_NAME = "$(TARGET_NAME)";
				SWIFT_EMIT_LOC_STRINGS = YES;
				SWIFT_VERSION = 5.0;
				TARGETED_DEVICE_FAMILY = "1,2";
			};
			name = Debug;
		};
		6D8BC6312967381B008E48B5 /* Release */ = {
			isa = XCBuildConfiguration;
			buildSettings = {
				ASSETCATALOG_COMPILER_APPICON_NAME = AppIcon;
				ASSETCATALOG_COMPILER_GLOBAL_ACCENT_COLOR_NAME = AccentColor;
				CODE_SIGN_STYLE = Automatic;
				CURRENT_PROJECT_VERSION = 1;
				DEVELOPMENT_ASSET_PATHS = "\"Africa/Preview Content\"";
				DEVELOPMENT_TEAM = QK22WHVDS9;
				ENABLE_PREVIEWS = YES;
				GENERATE_INFOPLIST_FILE = YES;
				INFOPLIST_FILE = Africa/Info.plist;
				INFOPLIST_KEY_LSApplicationCategoryType = "public.app-category.reference";
				INFOPLIST_KEY_UIApplicationSceneManifest_Generation = YES;
				INFOPLIST_KEY_UIApplicationSupportsIndirectInputEvents = YES;
				INFOPLIST_KEY_UISupportedInterfaceOrientations_iPad = "UIInterfaceOrientationPortrait UIInterfaceOrientationPortraitUpsideDown UIInterfaceOrientationLandscapeLeft UIInterfaceOrientationLandscapeRight";
				INFOPLIST_KEY_UISupportedInterfaceOrientations_iPhone = "UIInterfaceOrientationPortrait UIInterfaceOrientationLandscapeLeft UIInterfaceOrientationLandscapeRight";
				INFOPLIST_KEY_UIUserInterfaceStyle = Dark;
				IPHONEOS_DEPLOYMENT_TARGET = 14.0;
				LD_RUNPATH_SEARCH_PATHS = (
					"$(inherited)",
					"@executable_path/Frameworks",
				);
				MARKETING_VERSION = 1.0;
				PRODUCT_BUNDLE_IDENTIFIER = com.wheeliesllc.Africa;
				PRODUCT_NAME = "$(TARGET_NAME)";
				SWIFT_EMIT_LOC_STRINGS = YES;
				SWIFT_VERSION = 5.0;
				TARGETED_DEVICE_FAMILY = "1,2";
			};
			name = Release;
		};
/* End XCBuildConfiguration section */

/* Begin XCConfigurationList section */
		6D8BC61C29673818008E48B5 /* Build configuration list for PBXProject "Africa" */ = {
			isa = XCConfigurationList;
			buildConfigurations = (
				6D8BC62D2967381B008E48B5 /* Debug */,
				6D8BC62E2967381B008E48B5 /* Release */,
			);
			defaultConfigurationIsVisible = 0;
			defaultConfigurationName = Release;
		};
		6D8BC62F2967381B008E48B5 /* Build configuration list for PBXNativeTarget "Africa" */ = {
			isa = XCConfigurationList;
			buildConfigurations = (
				6D8BC6302967381B008E48B5 /* Debug */,
				6D8BC6312967381B008E48B5 /* Release */,
			);
			defaultConfigurationIsVisible = 0;
			defaultConfigurationName = Release;
		};
/* End XCConfigurationList section */
	};
	rootObject = 6D8BC61929673818008E48B5 /* Project object */;
}
