// !$*UTF8*$!
{
	archiveVersion = 1;
	classes = {
	};
	objectVersion = 56;
	objects = {

/* Begin PBXBuildFile section */
		6D1987CC2A6CCC34002E5CFA /* Notes Watch App.app in Embed Watch Content */ = {isa = PBXBuildFile; fileRef = 6D1987CB2A6CCC34002E5CFA /* Notes Watch App.app */; settings = {ATTRIBUTES = (RemoveHeadersOnCopy, ); }; };
		6D1987D12A6CCC34002E5CFA /* NotesApp.swift in Sources */ = {isa = PBXBuildFile; fileRef = 6D1987D02A6CCC34002E5CFA /* NotesApp.swift */; };
		6D1987D32A6CCC34002E5CFA /* ContentView.swift in Sources */ = {isa = PBXBuildFile; fileRef = 6D1987D22A6CCC34002E5CFA /* ContentView.swift */; };
		6D1987D52A6CCC37002E5CFA /* Assets.xcassets in Resources */ = {isa = PBXBuildFile; fileRef = 6D1987D42A6CCC37002E5CFA /* Assets.xcassets */; };
		6D1987D82A6CCC37002E5CFA /* Preview Assets.xcassets in Resources */ = {isa = PBXBuildFile; fileRef = 6D1987D72A6CCC37002E5CFA /* Preview Assets.xcassets */; };
		6D1987E52A6CCF38002E5CFA /* Note.swift in Sources */ = {isa = PBXBuildFile; fileRef = 6D1987E42A6CCF38002E5CFA /* Note.swift */; };
		6D4FE1322A6F0DE5009B5348 /* CreditsView.swift in Sources */ = {isa = PBXBuildFile; fileRef = 6D4FE1312A6F0DE5009B5348 /* CreditsView.swift */; };
		6D4FE1352A6F0F05009B5348 /* HeaderView.swift in Sources */ = {isa = PBXBuildFile; fileRef = 6D4FE1342A6F0F05009B5348 /* HeaderView.swift */; };
		6D4FE1372A6F1272009B5348 /* SettingsView.swift in Sources */ = {isa = PBXBuildFile; fileRef = 6D4FE1362A6F1272009B5348 /* SettingsView.swift */; };
		6D56F7872A6F07B5002ACD24 /* DetailView.swift in Sources */ = {isa = PBXBuildFile; fileRef = 6D56F7862A6F07B5002ACD24 /* DetailView.swift */; };
/* End PBXBuildFile section */

/* Begin PBXContainerItemProxy section */
		6D1987CD2A6CCC34002E5CFA /* PBXContainerItemProxy */ = {
			isa = PBXContainerItemProxy;
			containerPortal = 6D1987BF2A6CCC33002E5CFA /* Project object */;
			proxyType = 1;
			remoteGlobalIDString = 6D1987CA2A6CCC34002E5CFA;
			remoteInfo = "Notes Watch App";
		};
/* End PBXContainerItemProxy section */

/* Begin PBXCopyFilesBuildPhase section */
		6D1987DE2A6CCC37002E5CFA /* Embed Watch Content */ = {
			isa = PBXCopyFilesBuildPhase;
			buildActionMask = 2147483647;
			dstPath = "$(CONTENTS_FOLDER_PATH)/Watch";
			dstSubfolderSpec = 16;
			files = (
				6D1987CC2A6CCC34002E5CFA /* Notes Watch App.app in Embed Watch Content */,
			);
			name = "Embed Watch Content";
			runOnlyForDeploymentPostprocessing = 0;
		};
/* End PBXCopyFilesBuildPhase section */

/* Begin PBXFileReference section */
		6D1987C52A6CCC34002E5CFA /* Notes.app */ = {isa = PBXFileReference; explicitFileType = wrapper.application; includeInIndex = 0; path = Notes.app; sourceTree = BUILT_PRODUCTS_DIR; };
		6D1987CB2A6CCC34002E5CFA /* Notes Watch App.app */ = {isa = PBXFileReference; explicitFileType = wrapper.application; includeInIndex = 0; path = "Notes Watch App.app"; sourceTree = BUILT_PRODUCTS_DIR; };
		6D1987D02A6CCC34002E5CFA /* NotesApp.swift */ = {isa = PBXFileReference; lastKnownFileType = sourcecode.swift; path = NotesApp.swift; sourceTree = "<group>"; };
		6D1987D22A6CCC34002E5CFA /* ContentView.swift */ = {isa = PBXFileReference; lastKnownFileType = sourcecode.swift; path = ContentView.swift; sourceTree = "<group>"; };
		6D1987D42A6CCC37002E5CFA /* Assets.xcassets */ = {isa = PBXFileReference; lastKnownFileType = folder.assetcatalog; path = Assets.xcassets; sourceTree = "<group>"; };
		6D1987D72A6CCC37002E5CFA /* Preview Assets.xcassets */ = {isa = PBXFileReference; lastKnownFileType = folder.assetcatalog; path = "Preview Assets.xcassets"; sourceTree = "<group>"; };
		6D1987E42A6CCF38002E5CFA /* Note.swift */ = {isa = PBXFileReference; lastKnownFileType = sourcecode.swift; path = Note.swift; sourceTree = "<group>"; };
		6D4FE1312A6F0DE5009B5348 /* CreditsView.swift */ = {isa = PBXFileReference; lastKnownFileType = sourcecode.swift; path = CreditsView.swift; sourceTree = "<group>"; };
		6D4FE1342A6F0F05009B5348 /* HeaderView.swift */ = {isa = PBXFileReference; lastKnownFileType = sourcecode.swift; path = HeaderView.swift; sourceTree = "<group>"; };
		6D4FE1362A6F1272009B5348 /* SettingsView.swift */ = {isa = PBXFileReference; lastKnownFileType = sourcecode.swift; path = SettingsView.swift; sourceTree = "<group>"; };
		6D56F7862A6F07B5002ACD24 /* DetailView.swift */ = {isa = PBXFileReference; lastKnownFileType = sourcecode.swift; path = DetailView.swift; sourceTree = "<group>"; };
/* End PBXFileReference section */

/* Begin PBXFrameworksBuildPhase section */
		6D1987C82A6CCC34002E5CFA /* Frameworks */ = {
			isa = PBXFrameworksBuildPhase;
			buildActionMask = 2147483647;
			files = (
			);
			runOnlyForDeploymentPostprocessing = 0;
		};
/* End PBXFrameworksBuildPhase section */

/* Begin PBXGroup section */
		6D1987BE2A6CCC33002E5CFA = {
			isa = PBXGroup;
			children = (
				6D1987CF2A6CCC34002E5CFA /* Notes Watch App */,
				6D1987C62A6CCC34002E5CFA /* Products */,
			);
			sourceTree = "<group>";
		};
		6D1987C62A6CCC34002E5CFA /* Products */ = {
			isa = PBXGroup;
			children = (
				6D1987C52A6CCC34002E5CFA /* Notes.app */,
				6D1987CB2A6CCC34002E5CFA /* Notes Watch App.app */,
			);
			name = Products;
			sourceTree = "<group>";
		};
		6D1987CF2A6CCC34002E5CFA /* Notes Watch App */ = {
			isa = PBXGroup;
			children = (
				6D4FE1332A6F0EE5009B5348 /* Component */,
				6D1987E32A6CCF0B002E5CFA /* Model */,
				6D1987D02A6CCC34002E5CFA /* NotesApp.swift */,
				6D1987E22A6CCEF6002E5CFA /* View */,
				6D1987D42A6CCC37002E5CFA /* Assets.xcassets */,
				6D1987D62A6CCC37002E5CFA /* Preview Content */,
			);
			path = "Notes Watch App";
			sourceTree = "<group>";
		};
		6D1987D62A6CCC37002E5CFA /* Preview Content */ = {
			isa = PBXGroup;
			children = (
				6D1987D72A6CCC37002E5CFA /* Preview Assets.xcassets */,
			);
			path = "Preview Content";
			sourceTree = "<group>";
		};
		6D1987E22A6CCEF6002E5CFA /* View */ = {
			isa = PBXGroup;
			children = (
				6D1987D22A6CCC34002E5CFA /* ContentView.swift */,
				6D56F7862A6F07B5002ACD24 /* DetailView.swift */,
				6D4FE1312A6F0DE5009B5348 /* CreditsView.swift */,
				6D4FE1362A6F1272009B5348 /* SettingsView.swift */,
			);
			path = View;
			sourceTree = "<group>";
		};
		6D1987E32A6CCF0B002E5CFA /* Model */ = {
			isa = PBXGroup;
			children = (
				6D1987E42A6CCF38002E5CFA /* Note.swift */,
			);
			path = Model;
			sourceTree = "<group>";
		};
		6D4FE1332A6F0EE5009B5348 /* Component */ = {
			isa = PBXGroup;
			children = (
				6D4FE1342A6F0F05009B5348 /* HeaderView.swift */,
			);
			path = Component;
			sourceTree = "<group>";
		};
/* End PBXGroup section */

/* Begin PBXNativeTarget section */
		6D1987C42A6CCC34002E5CFA /* Notes */ = {
			isa = PBXNativeTarget;
			buildConfigurationList = 6D1987DF2A6CCC37002E5CFA /* Build configuration list for PBXNativeTarget "Notes" */;
			buildPhases = (
				6D1987C32A6CCC34002E5CFA /* Resources */,
				6D1987DE2A6CCC37002E5CFA /* Embed Watch Content */,
			);
			buildRules = (
			);
			dependencies = (
				6D1987CE2A6CCC34002E5CFA /* PBXTargetDependency */,
			);
			name = Notes;
			productName = Notes;
			productReference = 6D1987C52A6CCC34002E5CFA /* Notes.app */;
			productType = "com.apple.product-type.application.watchapp2-container";
		};
		6D1987CA2A6CCC34002E5CFA /* Notes Watch App */ = {
			isa = PBXNativeTarget;
			buildConfigurationList = 6D1987DB2A6CCC37002E5CFA /* Build configuration list for PBXNativeTarget "Notes Watch App" */;
			buildPhases = (
				6D1987C72A6CCC34002E5CFA /* Sources */,
				6D1987C82A6CCC34002E5CFA /* Frameworks */,
				6D1987C92A6CCC34002E5CFA /* Resources */,
			);
			buildRules = (
			);
			dependencies = (
			);
			name = "Notes Watch App";
			productName = "Notes Watch App";
			productReference = 6D1987CB2A6CCC34002E5CFA /* Notes Watch App.app */;
			productType = "com.apple.product-type.application";
		};
/* End PBXNativeTarget section */

/* Begin PBXProject section */
		6D1987BF2A6CCC33002E5CFA /* Project object */ = {
			isa = PBXProject;
			attributes = {
				BuildIndependentTargetsInParallel = 1;
				LastSwiftUpdateCheck = 1430;
				LastUpgradeCheck = 1430;
				TargetAttributes = {
					6D1987C42A6CCC34002E5CFA = {
						CreatedOnToolsVersion = 14.3.1;
					};
					6D1987CA2A6CCC34002E5CFA = {
						CreatedOnToolsVersion = 14.3.1;
					};
				};
			};
			buildConfigurationList = 6D1987C22A6CCC33002E5CFA /* Build configuration list for PBXProject "Notes" */;
			compatibilityVersion = "Xcode 14.0";
			developmentRegion = en;
			hasScannedForEncodings = 0;
			knownRegions = (
				en,
				Base,
			);
			mainGroup = 6D1987BE2A6CCC33002E5CFA;
			productRefGroup = 6D1987C62A6CCC34002E5CFA /* Products */;
			projectDirPath = "";
			projectRoot = "";
			targets = (
				6D1987C42A6CCC34002E5CFA /* Notes */,
				6D1987CA2A6CCC34002E5CFA /* Notes Watch App */,
			);
		};
/* End PBXProject section */

/* Begin PBXResourcesBuildPhase section */
		6D1987C32A6CCC34002E5CFA /* Resources */ = {
			isa = PBXResourcesBuildPhase;
			buildActionMask = 2147483647;
			files = (
			);
			runOnlyForDeploymentPostprocessing = 0;
		};
		6D1987C92A6CCC34002E5CFA /* Resources */ = {
			isa = PBXResourcesBuildPhase;
			buildActionMask = 2147483647;
			files = (
				6D1987D82A6CCC37002E5CFA /* Preview Assets.xcassets in Resources */,
				6D1987D52A6CCC37002E5CFA /* Assets.xcassets in Resources */,
			);
			runOnlyForDeploymentPostprocessing = 0;
		};
/* End PBXResourcesBuildPhase section */

/* Begin PBXSourcesBuildPhase section */
		6D1987C72A6CCC34002E5CFA /* Sources */ = {
			isa = PBXSourcesBuildPhase;
			buildActionMask = 2147483647;
			files = (
				6D4FE1372A6F1272009B5348 /* SettingsView.swift in Sources */,
				6D1987D32A6CCC34002E5CFA /* ContentView.swift in Sources */,
				6D4FE1352A6F0F05009B5348 /* HeaderView.swift in Sources */,
				6D56F7872A6F07B5002ACD24 /* DetailView.swift in Sources */,
				6D1987D12A6CCC34002E5CFA /* NotesApp.swift in Sources */,
				6D4FE1322A6F0DE5009B5348 /* CreditsView.swift in Sources */,
				6D1987E52A6CCF38002E5CFA /* Note.swift in Sources */,
			);
			runOnlyForDeploymentPostprocessing = 0;
		};
/* End PBXSourcesBuildPhase section */

/* Begin PBXTargetDependency section */
		6D1987CE2A6CCC34002E5CFA /* PBXTargetDependency */ = {
			isa = PBXTargetDependency;
			target = 6D1987CA2A6CCC34002E5CFA /* Notes Watch App */;
			targetProxy = 6D1987CD2A6CCC34002E5CFA /* PBXContainerItemProxy */;
		};
/* End PBXTargetDependency section */

/* Begin XCBuildConfiguration section */
		6D1987D92A6CCC37002E5CFA /* Debug */ = {
			isa = XCBuildConfiguration;
			buildSettings = {
				ALWAYS_SEARCH_USER_PATHS = NO;
				CLANG_ANALYZER_NONNULL = YES;
				CLANG_ANALYZER_NUMBER_OBJECT_CONVERSION = YES_AGGRESSIVE;
				CLANG_CXX_LANGUAGE_STANDARD = "gnu++20";
				CLANG_ENABLE_MODULES = YES;
				CLANG_ENABLE_OBJC_ARC = YES;
				CLANG_ENABLE_OBJC_WEAK = YES;
				CLANG_WARN_BLOCK_CAPTURE_AUTORELEASING = YES;
				CLANG_WARN_BOOL_CONVERSION = YES;
				CLANG_WARN_COMMA = YES;
				CLANG_WARN_CONSTANT_CONVERSION = YES;
				CLANG_WARN_DEPRECATED_OBJC_IMPLEMENTATIONS = YES;
				CLANG_WARN_DIRECT_OBJC_ISA_USAGE = YES_ERROR;
				CLANG_WARN_DOCUMENTATION_COMMENTS = YES;
				CLANG_WARN_EMPTY_BODY = YES;
				CLANG_WARN_ENUM_CONVERSION = YES;
				CLANG_WARN_INFINITE_RECURSION = YES;
				CLANG_WARN_INT_CONVERSION = YES;
				CLANG_WARN_NON_LITERAL_NULL_CONVERSION = YES;
				CLANG_WARN_OBJC_IMPLICIT_RETAIN_SELF = YES;
				CLANG_WARN_OBJC_LITERAL_CONVERSION = YES;
				CLANG_WARN_OBJC_ROOT_CLASS = YES_ERROR;
				CLANG_WARN_QUOTED_INCLUDE_IN_FRAMEWORK_HEADER = YES;
				CLANG_WARN_RANGE_LOOP_ANALYSIS = YES;
				CLANG_WARN_STRICT_PROTOTYPES = YES;
				CLANG_WARN_SUSPICIOUS_MOVE = YES;
				CLANG_WARN_UNGUARDED_AVAILABILITY = YES_AGGRESSIVE;
				CLANG_WARN_UNREACHABLE_CODE = YES;
				CLANG_WARN__DUPLICATE_METHOD_MATCH = YES;
				COPY_PHASE_STRIP = NO;
				DEBUG_INFORMATION_FORMAT = dwarf;
				ENABLE_STRICT_OBJC_MSGSEND = YES;
				ENABLE_TESTABILITY = YES;
				GCC_C_LANGUAGE_STANDARD = gnu11;
				GCC_DYNAMIC_NO_PIC = NO;
				GCC_NO_COMMON_BLOCKS = YES;
				GCC_OPTIMIZATION_LEVEL = 0;
				GCC_PREPROCESSOR_DEFINITIONS = (
					"DEBUG=1",
					"$(inherited)",
				);
				GCC_WARN_64_TO_32_BIT_CONVERSION = YES;
				GCC_WARN_ABOUT_RETURN_TYPE = YES_ERROR;
				GCC_WARN_UNDECLARED_SELECTOR = YES;
				GCC_WARN_UNINITIALIZED_AUTOS = YES_AGGRESSIVE;
				GCC_WARN_UNUSED_FUNCTION = YES;
				GCC_WARN_UNUSED_VARIABLE = YES;
				MTL_ENABLE_DEBUG_INFO = INCLUDE_SOURCE;
				MTL_FAST_MATH = YES;
				ONLY_ACTIVE_ARCH = YES;
				SWIFT_ACTIVE_COMPILATION_CONDITIONS = DEBUG;
				SWIFT_OPTIMIZATION_LEVEL = "-Onone";
			};
			name = Debug;
		};
		6D1987DA2A6CCC37002E5CFA /* Release */ = {
			isa = XCBuildConfiguration;
			buildSettings = {
				ALWAYS_SEARCH_USER_PATHS = NO;
				CLANG_ANALYZER_NONNULL = YES;
				CLANG_ANALYZER_NUMBER_OBJECT_CONVERSION = YES_AGGRESSIVE;
				CLANG_CXX_LANGUAGE_STANDARD = "gnu++20";
				CLANG_ENABLE_MODULES = YES;
				CLANG_ENABLE_OBJC_ARC = YES;
				CLANG_ENABLE_OBJC_WEAK = YES;
				CLANG_WARN_BLOCK_CAPTURE_AUTORELEASING = YES;
				CLANG_WARN_BOOL_CONVERSION = YES;
				CLANG_WARN_COMMA = YES;
				CLANG_WARN_CONSTANT_CONVERSION = YES;
				CLANG_WARN_DEPRECATED_OBJC_IMPLEMENTATIONS = YES;
				CLANG_WARN_DIRECT_OBJC_ISA_USAGE = YES_ERROR;
				CLANG_WARN_DOCUMENTATION_COMMENTS = YES;
				CLANG_WARN_EMPTY_BODY = YES;
				CLANG_WARN_ENUM_CONVERSION = YES;
				CLANG_WARN_INFINITE_RECURSION = YES;
				CLANG_WARN_INT_CONVERSION = YES;
				CLANG_WARN_NON_LITERAL_NULL_CONVERSION = YES;
				CLANG_WARN_OBJC_IMPLICIT_RETAIN_SELF = YES;
				CLANG_WARN_OBJC_LITERAL_CONVERSION = YES;
				CLANG_WARN_OBJC_ROOT_CLASS = YES_ERROR;
				CLANG_WARN_QUOTED_INCLUDE_IN_FRAMEWORK_HEADER = YES;
				CLANG_WARN_RANGE_LOOP_ANALYSIS = YES;
				CLANG_WARN_STRICT_PROTOTYPES = YES;
				CLANG_WARN_SUSPICIOUS_MOVE = YES;
				CLANG_WARN_UNGUARDED_AVAILABILITY = YES_AGGRESSIVE;
				CLANG_WARN_UNREACHABLE_CODE = YES;
				CLANG_WARN__DUPLICATE_METHOD_MATCH = YES;
				COPY_PHASE_STRIP = NO;
				DEBUG_INFORMATION_FORMAT = "dwarf-with-dsym";
				ENABLE_NS_ASSERTIONS = NO;
				ENABLE_STRICT_OBJC_MSGSEND = YES;
				GCC_C_LANGUAGE_STANDARD = gnu11;
				GCC_NO_COMMON_BLOCKS = YES;
				GCC_WARN_64_TO_32_BIT_CONVERSION = YES;
				GCC_WARN_ABOUT_RETURN_TYPE = YES_ERROR;
				GCC_WARN_UNDECLARED_SELECTOR = YES;
				GCC_WARN_UNINITIALIZED_AUTOS = YES_AGGRESSIVE;
				GCC_WARN_UNUSED_FUNCTION = YES;
				GCC_WARN_UNUSED_VARIABLE = YES;
				MTL_ENABLE_DEBUG_INFO = NO;
				MTL_FAST_MATH = YES;
				SWIFT_COMPILATION_MODE = wholemodule;
				SWIFT_OPTIMIZATION_LEVEL = "-O";
			};
			name = Release;
		};
		6D1987DC2A6CCC37002E5CFA /* Debug */ = {
			isa = XCBuildConfiguration;
			buildSettings = {
				ASSETCATALOG_COMPILER_APPICON_NAME = AppIcon;
				ASSETCATALOG_COMPILER_GLOBAL_ACCENT_COLOR_NAME = AccentColor;
				CODE_SIGN_STYLE = Automatic;
				CURRENT_PROJECT_VERSION = 1;
				DEVELOPMENT_ASSET_PATHS = "\"Notes Watch App/Preview Content\"";
				DEVELOPMENT_TEAM = QK22WHVDS9;
				ENABLE_PREVIEWS = YES;
				GENERATE_INFOPLIST_FILE = YES;
				INFOPLIST_KEY_CFBundleDisplayName = Notes;
				INFOPLIST_KEY_UISupportedInterfaceOrientations = "UIInterfaceOrientationPortrait UIInterfaceOrientationPortraitUpsideDown";
				INFOPLIST_KEY_WKWatchOnly = YES;
				LD_RUNPATH_SEARCH_PATHS = (
					"$(inherited)",
					"@executable_path/Frameworks",
				);
				MARKETING_VERSION = 1.0;
				PRODUCT_BUNDLE_IDENTIFIER = com.wheeliesllc.Notes.watchkitapp;
				PRODUCT_NAME = "$(TARGET_NAME)";
				SDKROOT = watchos;
				SKIP_INSTALL = YES;
				SWIFT_EMIT_LOC_STRINGS = YES;
				SWIFT_VERSION = 5.0;
				TARGETED_DEVICE_FAMILY = 4;
				WATCHOS_DEPLOYMENT_TARGET = 9.4;
			};
			name = Debug;
		};
		6D1987DD2A6CCC37002E5CFA /* Release */ = {
			isa = XCBuildConfiguration;
			buildSettings = {
				ASSETCATALOG_COMPILER_APPICON_NAME = AppIcon;
				ASSETCATALOG_COMPILER_GLOBAL_ACCENT_COLOR_NAME = AccentColor;
				CODE_SIGN_STYLE = Automatic;
				CURRENT_PROJECT_VERSION = 1;
				DEVELOPMENT_ASSET_PATHS = "\"Notes Watch App/Preview Content\"";
				DEVELOPMENT_TEAM = QK22WHVDS9;
				ENABLE_PREVIEWS = YES;
				GENERATE_INFOPLIST_FILE = YES;
				INFOPLIST_KEY_CFBundleDisplayName = Notes;
				INFOPLIST_KEY_UISupportedInterfaceOrientations = "UIInterfaceOrientationPortrait UIInterfaceOrientationPortraitUpsideDown";
				INFOPLIST_KEY_WKWatchOnly = YES;
				LD_RUNPATH_SEARCH_PATHS = (
					"$(inherited)",
					"@executable_path/Frameworks",
				);
				MARKETING_VERSION = 1.0;
				PRODUCT_BUNDLE_IDENTIFIER = com.wheeliesllc.Notes.watchkitapp;
				PRODUCT_NAME = "$(TARGET_NAME)";
				SDKROOT = watchos;
				SKIP_INSTALL = YES;
				SWIFT_EMIT_LOC_STRINGS = YES;
				SWIFT_VERSION = 5.0;
				TARGETED_DEVICE_FAMILY = 4;
				VALIDATE_PRODUCT = YES;
				WATCHOS_DEPLOYMENT_TARGET = 9.4;
			};
			name = Release;
		};
		6D1987E02A6CCC37002E5CFA /* Debug */ = {
			isa = XCBuildConfiguration;
			buildSettings = {
				ALWAYS_EMBED_SWIFT_STANDARD_LIBRARIES = YES;
				CODE_SIGN_STYLE = Automatic;
				CURRENT_PROJECT_VERSION = 1;
				DEVELOPMENT_TEAM = QK22WHVDS9;
				INFOPLIST_KEY_CFBundleDisplayName = Notes;
				MARKETING_VERSION = 1.0;
				PRODUCT_BUNDLE_IDENTIFIER = com.wheeliesllc.Notes;
				PRODUCT_NAME = "$(TARGET_NAME)";
				SDKROOT = iphoneos;
				SWIFT_VERSION = 5.0;
			};
			name = Debug;
		};
		6D1987E12A6CCC37002E5CFA /* Release */ = {
			isa = XCBuildConfiguration;
			buildSettings = {
				ALWAYS_EMBED_SWIFT_STANDARD_LIBRARIES = YES;
				CODE_SIGN_STYLE = Automatic;
				CURRENT_PROJECT_VERSION = 1;
				DEVELOPMENT_TEAM = QK22WHVDS9;
				INFOPLIST_KEY_CFBundleDisplayName = Notes;
				MARKETING_VERSION = 1.0;
				PRODUCT_BUNDLE_IDENTIFIER = com.wheeliesllc.Notes;
				PRODUCT_NAME = "$(TARGET_NAME)";
				SDKROOT = iphoneos;
				SWIFT_VERSION = 5.0;
				VALIDATE_PRODUCT = YES;
			};
			name = Release;
		};
/* End XCBuildConfiguration section */

/* Begin XCConfigurationList section */
		6D1987C22A6CCC33002E5CFA /* Build configuration list for PBXProject "Notes" */ = {
			isa = XCConfigurationList;
			buildConfigurations = (
				6D1987D92A6CCC37002E5CFA /* Debug */,
				6D1987DA2A6CCC37002E5CFA /* Release */,
			);
			defaultConfigurationIsVisible = 0;
			defaultConfigurationName = Release;
		};
		6D1987DB2A6CCC37002E5CFA /* Build configuration list for PBXNativeTarget "Notes Watch App" */ = {
			isa = XCConfigurationList;
			buildConfigurations = (
				6D1987DC2A6CCC37002E5CFA /* Debug */,
				6D1987DD2A6CCC37002E5CFA /* Release */,
			);
			defaultConfigurationIsVisible = 0;
			defaultConfigurationName = Release;
		};
		6D1987DF2A6CCC37002E5CFA /* Build configuration list for PBXNativeTarget "Notes" */ = {
			isa = XCConfigurationList;
			buildConfigurations = (
				6D1987E02A6CCC37002E5CFA /* Debug */,
				6D1987E12A6CCC37002E5CFA /* Release */,
			);
			defaultConfigurationIsVisible = 0;
			defaultConfigurationName = Release;
		};
/* End XCConfigurationList section */
	};
	rootObject = 6D1987BF2A6CCC33002E5CFA /* Project object */;
}
